// !$*UTF8*$!
{
	archiveVersion = 1;
	classes = {
	};
	objectVersion = 46;
	objects = {

/* Begin PBXBuildFile section */
		A72E1D9B16A8A3CF00CF2053 /* topbar.png in Resources */ = {isa = PBXBuildFile; fileRef = A72E1D9916A8A3CF00CF2053 /* topbar.png */; };
		A72E1D9C16A8A3CF00CF2053 /* topbar@2x.png in Resources */ = {isa = PBXBuildFile; fileRef = A72E1D9A16A8A3CF00CF2053 /* topbar@2x.png */; };
		A72E1D9F16A8AB7C00CF2053 /* cancel.png in Resources */ = {isa = PBXBuildFile; fileRef = A72E1D9D16A8AB7C00CF2053 /* cancel.png */; };
		A72E1DA016A8AB7C00CF2053 /* cancel@2x.png in Resources */ = {isa = PBXBuildFile; fileRef = A72E1D9E16A8AB7C00CF2053 /* cancel@2x.png */; };
		A732CD80168CAAC000F45B64 /* AdSupport.framework in Frameworks */ = {isa = PBXBuildFile; fileRef = A732CD7F168CAAC000F45B64 /* AdSupport.framework */; };
		A73EC21F16AD9895000FCB71 /* FacebookSDK.framework in Frameworks */ = {isa = PBXBuildFile; fileRef = A73EC21E16AD9895000FCB71 /* FacebookSDK.framework */; };
		A73EC22116AD98A4000FCB71 /* FacebookSDKResources.bundle in Resources */ = {isa = PBXBuildFile; fileRef = A73EC22016AD98A4000FCB71 /* FacebookSDKResources.bundle */; };
		A741D85D1675388600CCA065 /* UIKit.framework in Frameworks */ = {isa = PBXBuildFile; fileRef = A741D85C1675388600CCA065 /* UIKit.framework */; };
		A741D85F1675388600CCA065 /* Foundation.framework in Frameworks */ = {isa = PBXBuildFile; fileRef = A741D85E1675388600CCA065 /* Foundation.framework */; };
		A741D8611675388600CCA065 /* CoreGraphics.framework in Frameworks */ = {isa = PBXBuildFile; fileRef = A741D8601675388600CCA065 /* CoreGraphics.framework */; };
		A741D8671675388600CCA065 /* InfoPlist.strings in Resources */ = {isa = PBXBuildFile; fileRef = A741D8651675388600CCA065 /* InfoPlist.strings */; };
		A741D8691675388600CCA065 /* main.m in Sources */ = {isa = PBXBuildFile; fileRef = A741D8681675388600CCA065 /* main.m */; };
		A741D86D1675388600CCA065 /* AppDelegate.m in Sources */ = {isa = PBXBuildFile; fileRef = A741D86C1675388600CCA065 /* AppDelegate.m */; };
		A741D86F1675388600CCA065 /* Default.png in Resources */ = {isa = PBXBuildFile; fileRef = A741D86E1675388600CCA065 /* Default.png */; };
		A741D8711675388600CCA065 /* Default@2x.png in Resources */ = {isa = PBXBuildFile; fileRef = A741D8701675388600CCA065 /* Default@2x.png */; };
		A741D8731675388600CCA065 /* Default-568h@2x.png in Resources */ = {isa = PBXBuildFile; fileRef = A741D8721675388600CCA065 /* Default-568h@2x.png */; };
		A741D8761675388600CCA065 /* MainStoryboard.storyboard in Resources */ = {isa = PBXBuildFile; fileRef = A741D8741675388600CCA065 /* MainStoryboard.storyboard */; };
		A741D8811675434400CCA065 /* ClientesCollectionViewController.m in Sources */ = {isa = PBXBuildFile; fileRef = A741D8801675434400CCA065 /* ClientesCollectionViewController.m */; };
		A741D8841675439300CCA065 /* ClientesCollectionViewCell.m in Sources */ = {isa = PBXBuildFile; fileRef = A741D8831675439300CCA065 /* ClientesCollectionViewCell.m */; };
		A741D8871675455400CCA065 /* icono.png in Resources */ = {isa = PBXBuildFile; fileRef = A741D8861675455400CCA065 /* icono.png */; };
		A741D88A167547AF00CCA065 /* TabBarViewController.m in Sources */ = {isa = PBXBuildFile; fileRef = A741D889167547AF00CCA065 /* TabBarViewController.m */; };
		A741D88D1675485100CCA065 /* tabbar.png in Resources */ = {isa = PBXBuildFile; fileRef = A741D88B1675485100CCA065 /* tabbar.png */; };
		A741D88E1675485100CCA065 /* tabbar@2x.png in Resources */ = {isa = PBXBuildFile; fileRef = A741D88C1675485100CCA065 /* tabbar@2x.png */; };
		A741D891167549A400CCA065 /* NavigationViewController.m in Sources */ = {isa = PBXBuildFile; fileRef = A741D890167549A400CCA065 /* NavigationViewController.m */; };
		A741D89316754B2500CCA065 /* backgroundHome.png in Resources */ = {isa = PBXBuildFile; fileRef = A741D89216754B2500CCA065 /* backgroundHome.png */; };
		A75884A916766CC5007C0026 /* feeds.xml in Resources */ = {isa = PBXBuildFile; fileRef = A75884A816766CC5007C0026 /* feeds.xml */; };
		A75884AC1676851E007C0026 /* ObtenerDescuentoNavigationViewController.m in Sources */ = {isa = PBXBuildFile; fileRef = A75884AB1676851D007C0026 /* ObtenerDescuentoNavigationViewController.m */; };
		A75884AF16768741007C0026 /* CapturaViewController.m in Sources */ = {isa = PBXBuildFile; fileRef = A75884AE16768741007C0026 /* CapturaViewController.m */; };
		A75D284516A898760088FE91 /* info.png in Resources */ = {isa = PBXBuildFile; fileRef = A75D284316A898760088FE91 /* info.png */; };
		A75D284616A898760088FE91 /* info@2x.png in Resources */ = {isa = PBXBuildFile; fileRef = A75D284416A898760088FE91 /* info@2x.png */; };
		A75D284916A8993A0088FE91 /* camaratab.png in Resources */ = {isa = PBXBuildFile; fileRef = A75D284716A8993A0088FE91 /* camaratab.png */; };
		A75D284A16A8993A0088FE91 /* camaratab@2x.png in Resources */ = {isa = PBXBuildFile; fileRef = A75D284816A8993A0088FE91 /* camaratab@2x.png */; };
		A75D285116A89D310088FE91 /* fondotabcamara.png in Resources */ = {isa = PBXBuildFile; fileRef = A75D284F16A89D310088FE91 /* fondotabcamara.png */; };
		A75D285216A89D310088FE91 /* fondotabcamara@2x.png in Resources */ = {isa = PBXBuildFile; fileRef = A75D285016A89D310088FE91 /* fondotabcamara@2x.png */; };
		A76447D41680FB9B008116C0 /* Social.framework in Frameworks */ = {isa = PBXBuildFile; fileRef = A76447D31680FB9B008116C0 /* Social.framework */; };
		A76447D61680FBA1008116C0 /* Accounts.framework in Frameworks */ = {isa = PBXBuildFile; fileRef = A76447D51680FBA1008116C0 /* Accounts.framework */; };
		A7752E0F167817DF000CD7C8 /* BlurOverlayView.m in Sources */ = {isa = PBXBuildFile; fileRef = A7752DC0167817DE000CD7C8 /* BlurOverlayView.m */; };
		A7752E10167817DF000CD7C8 /* DLCImagePickerController.m in Sources */ = {isa = PBXBuildFile; fileRef = A7752DC2167817DE000CD7C8 /* DLCImagePickerController.m */; };
		A7752E11167817DF000CD7C8 /* GrayscaleContrastFilter.m in Sources */ = {isa = PBXBuildFile; fileRef = A7752DC4167817DE000CD7C8 /* GrayscaleContrastFilter.m */; };
		A7752E13167817DF000CD7C8 /* 1.jpg in Resources */ = {isa = PBXBuildFile; fileRef = A7752DC9167817DE000CD7C8 /* 1.jpg */; };
		A7752E14167817DF000CD7C8 /* 10.jpg in Resources */ = {isa = PBXBuildFile; fileRef = A7752DCA167817DE000CD7C8 /* 10.jpg */; };
		A7752E15167817DF000CD7C8 /* 10@2x.jpg in Resources */ = {isa = PBXBuildFile; fileRef = A7752DCB167817DE000CD7C8 /* 10@2x.jpg */; };
		A7752E16167817DF000CD7C8 /* 1@2x.jpg in Resources */ = {isa = PBXBuildFile; fileRef = A7752DCC167817DE000CD7C8 /* 1@2x.jpg */; };
		A7752E17167817DF000CD7C8 /* 2.jpg in Resources */ = {isa = PBXBuildFile; fileRef = A7752DCD167817DE000CD7C8 /* 2.jpg */; };
		A7752E18167817DF000CD7C8 /* 2@2x.jpg in Resources */ = {isa = PBXBuildFile; fileRef = A7752DCE167817DE000CD7C8 /* 2@2x.jpg */; };
		A7752E19167817DF000CD7C8 /* 3.jpg in Resources */ = {isa = PBXBuildFile; fileRef = A7752DCF167817DE000CD7C8 /* 3.jpg */; };
		A7752E1A167817DF000CD7C8 /* 3@2x.jpg in Resources */ = {isa = PBXBuildFile; fileRef = A7752DD0167817DE000CD7C8 /* 3@2x.jpg */; };
		A7752E1B167817DF000CD7C8 /* 4.jpg in Resources */ = {isa = PBXBuildFile; fileRef = A7752DD1167817DE000CD7C8 /* 4.jpg */; };
		A7752E1C167817DF000CD7C8 /* 4@2x.jpg in Resources */ = {isa = PBXBuildFile; fileRef = A7752DD2167817DE000CD7C8 /* 4@2x.jpg */; };
		A7752E1D167817DF000CD7C8 /* 5.jpg in Resources */ = {isa = PBXBuildFile; fileRef = A7752DD3167817DE000CD7C8 /* 5.jpg */; };
		A7752E1E167817DF000CD7C8 /* 5@2x.jpg in Resources */ = {isa = PBXBuildFile; fileRef = A7752DD4167817DE000CD7C8 /* 5@2x.jpg */; };
		A7752E1F167817DF000CD7C8 /* 6.jpg in Resources */ = {isa = PBXBuildFile; fileRef = A7752DD5167817DE000CD7C8 /* 6.jpg */; };
		A7752E20167817DF000CD7C8 /* 6@2x.jpg in Resources */ = {isa = PBXBuildFile; fileRef = A7752DD6167817DE000CD7C8 /* 6@2x.jpg */; };
		A7752E21167817DF000CD7C8 /* 7.jpg in Resources */ = {isa = PBXBuildFile; fileRef = A7752DD7167817DE000CD7C8 /* 7.jpg */; };
		A7752E22167817DF000CD7C8 /* 7@2x.jpg in Resources */ = {isa = PBXBuildFile; fileRef = A7752DD8167817DE000CD7C8 /* 7@2x.jpg */; };
		A7752E23167817DF000CD7C8 /* 8.jpg in Resources */ = {isa = PBXBuildFile; fileRef = A7752DD9167817DE000CD7C8 /* 8.jpg */; };
		A7752E24167817DF000CD7C8 /* 8@2x.jpg in Resources */ = {isa = PBXBuildFile; fileRef = A7752DDA167817DE000CD7C8 /* 8@2x.jpg */; };
		A7752E25167817DF000CD7C8 /* 9.jpg in Resources */ = {isa = PBXBuildFile; fileRef = A7752DDB167817DE000CD7C8 /* 9.jpg */; };
		A7752E26167817DF000CD7C8 /* 9@2x.jpg in Resources */ = {isa = PBXBuildFile; fileRef = A7752DDC167817DE000CD7C8 /* 9@2x.jpg */; };
		A7752E27167817DF000CD7C8 /* blackframe.png in Resources */ = {isa = PBXBuildFile; fileRef = A7752DDE167817DE000CD7C8 /* blackframe.png */; };
		A7752E28167817DF000CD7C8 /* mask.png in Resources */ = {isa = PBXBuildFile; fileRef = A7752DDF167817DE000CD7C8 /* mask.png */; };
		A7752E29167817DF000CD7C8 /* sample1.jpg in Resources */ = {isa = PBXBuildFile; fileRef = A7752DE1167817DE000CD7C8 /* sample1.jpg */; };
		A7752E2A167817DF000CD7C8 /* blur-on.png in Resources */ = {isa = PBXBuildFile; fileRef = A7752DE3167817DF000CD7C8 /* blur-on.png */; };
		A7752E2B167817DF000CD7C8 /* blur-on@2x.png in Resources */ = {isa = PBXBuildFile; fileRef = A7752DE4167817DF000CD7C8 /* blur-on@2x.png */; };
		A7752E2C167817DF000CD7C8 /* blur.png in Resources */ = {isa = PBXBuildFile; fileRef = A7752DE5167817DF000CD7C8 /* blur.png */; };
		A7752E2D167817DF000CD7C8 /* blur@2x.png in Resources */ = {isa = PBXBuildFile; fileRef = A7752DE6167817DF000CD7C8 /* blur@2x.png */; };
		A7752E2E167817DF000CD7C8 /* camera-button.png in Resources */ = {isa = PBXBuildFile; fileRef = A7752DE7167817DF000CD7C8 /* camera-button.png */; };
		A7752E2F167817DF000CD7C8 /* camera-button@2x.png in Resources */ = {isa = PBXBuildFile; fileRef = A7752DE8167817DF000CD7C8 /* camera-button@2x.png */; };
		A7752E30167817DF000CD7C8 /* camera-icon.png in Resources */ = {isa = PBXBuildFile; fileRef = A7752DE9167817DF000CD7C8 /* camera-icon.png */; };
		A7752E31167817DF000CD7C8 /* camera-icon@2x.png in Resources */ = {isa = PBXBuildFile; fileRef = A7752DEA167817DF000CD7C8 /* camera-icon@2x.png */; };
		A7752E32167817DF000CD7C8 /* close.png in Resources */ = {isa = PBXBuildFile; fileRef = A7752DEB167817DF000CD7C8 /* close.png */; };
		A7752E33167817DF000CD7C8 /* close@2x.png in Resources */ = {isa = PBXBuildFile; fileRef = A7752DEC167817DF000CD7C8 /* close@2x.png */; };
		A7752E34167817DF000CD7C8 /* dock_bg.png in Resources */ = {isa = PBXBuildFile; fileRef = A7752DED167817DF000CD7C8 /* dock_bg.png */; };
		A7752E35167817DF000CD7C8 /* dock_bg@2x.png in Resources */ = {isa = PBXBuildFile; fileRef = A7752DEE167817DF000CD7C8 /* dock_bg@2x.png */; };
		A7752E36167817DF000CD7C8 /* filter-close.png in Resources */ = {isa = PBXBuildFile; fileRef = A7752DEF167817DF000CD7C8 /* filter-close.png */; };
		A7752E37167817DF000CD7C8 /* filter-close@2x.png in Resources */ = {isa = PBXBuildFile; fileRef = A7752DF0167817DF000CD7C8 /* filter-close@2x.png */; };
		A7752E38167817DF000CD7C8 /* filter-open.png in Resources */ = {isa = PBXBuildFile; fileRef = A7752DF1167817DF000CD7C8 /* filter-open.png */; };
		A7752E39167817DF000CD7C8 /* filter-open@2x.png in Resources */ = {isa = PBXBuildFile; fileRef = A7752DF2167817DF000CD7C8 /* filter-open@2x.png */; };
		A7752E3A167817DF000CD7C8 /* filter.png in Resources */ = {isa = PBXBuildFile; fileRef = A7752DF3167817DF000CD7C8 /* filter.png */; };
		A7752E3B167817DF000CD7C8 /* filter@2x.png in Resources */ = {isa = PBXBuildFile; fileRef = A7752DF4167817DF000CD7C8 /* filter@2x.png */; };
		A7752E3C167817DF000CD7C8 /* flash-auto.png in Resources */ = {isa = PBXBuildFile; fileRef = A7752DF5167817DF000CD7C8 /* flash-auto.png */; };
		A7752E3D167817DF000CD7C8 /* flash-auto@2x.png in Resources */ = {isa = PBXBuildFile; fileRef = A7752DF6167817DF000CD7C8 /* flash-auto@2x.png */; };
		A7752E3E167817DF000CD7C8 /* flash-off.png in Resources */ = {isa = PBXBuildFile; fileRef = A7752DF7167817DF000CD7C8 /* flash-off.png */; };
		A7752E3F167817DF000CD7C8 /* flash-off@2x.png in Resources */ = {isa = PBXBuildFile; fileRef = A7752DF8167817DF000CD7C8 /* flash-off@2x.png */; };
		A7752E40167817DF000CD7C8 /* flash.png in Resources */ = {isa = PBXBuildFile; fileRef = A7752DF9167817DF000CD7C8 /* flash.png */; };
		A7752E41167817DF000CD7C8 /* flash@2x.png in Resources */ = {isa = PBXBuildFile; fileRef = A7752DFA167817DF000CD7C8 /* flash@2x.png */; };
		A7752E42167817DF000CD7C8 /* focus-crosshair.png in Resources */ = {isa = PBXBuildFile; fileRef = A7752DFB167817DF000CD7C8 /* focus-crosshair.png */; };
		A7752E43167817DF000CD7C8 /* focus-crosshair@2x.png in Resources */ = {isa = PBXBuildFile; fileRef = A7752DFC167817DF000CD7C8 /* focus-crosshair@2x.png */; };
		A7752E44167817DF000CD7C8 /* front-camera.png in Resources */ = {isa = PBXBuildFile; fileRef = A7752DFD167817DF000CD7C8 /* front-camera.png */; };
		A7752E45167817DF000CD7C8 /* front-camera@2x.png in Resources */ = {isa = PBXBuildFile; fileRef = A7752DFE167817DF000CD7C8 /* front-camera@2x.png */; };
		A7752E46167817DF000CD7C8 /* library.png in Resources */ = {isa = PBXBuildFile; fileRef = A7752DFF167817DF000CD7C8 /* library.png */; };
		A7752E47167817DF000CD7C8 /* library@2x.png in Resources */ = {isa = PBXBuildFile; fileRef = A7752E00167817DF000CD7C8 /* library@2x.png */; };
		A7752E48167817DF000CD7C8 /* micro_carbon.png in Resources */ = {isa = PBXBuildFile; fileRef = A7752E01167817DF000CD7C8 /* micro_carbon.png */; };
		A7752E49167817DF000CD7C8 /* micro_carbon@2x.png in Resources */ = {isa = PBXBuildFile; fileRef = A7752E02167817DF000CD7C8 /* micro_carbon@2x.png */; };
		A7752E4A167817DF000CD7C8 /* photo_bar.png in Resources */ = {isa = PBXBuildFile; fileRef = A7752E03167817DF000CD7C8 /* photo_bar.png */; };
		A7752E4B167817DF000CD7C8 /* photo_bar@2x.png in Resources */ = {isa = PBXBuildFile; fileRef = A7752E04167817DF000CD7C8 /* photo_bar@2x.png */; };
		A7752E4C167817DF000CD7C8 /* DLCImagePicker.xib in Resources */ = {isa = PBXBuildFile; fileRef = A7752E06167817DF000CD7C8 /* DLCImagePicker.xib */; };
		A7752E4D167817DF000CD7C8 /* 02.acv in Resources */ = {isa = PBXBuildFile; fileRef = A7752E08167817DF000CD7C8 /* 02.acv */; };
		A7752E4E167817DF000CD7C8 /* 06.acv in Resources */ = {isa = PBXBuildFile; fileRef = A7752E09167817DF000CD7C8 /* 06.acv */; };
		A7752E4F167817DF000CD7C8 /* 17.acv in Resources */ = {isa = PBXBuildFile; fileRef = A7752E0A167817DF000CD7C8 /* 17.acv */; };
		A7752E50167817DF000CD7C8 /* aqua.acv in Resources */ = {isa = PBXBuildFile; fileRef = A7752E0B167817DF000CD7C8 /* aqua.acv */; };
		A7752E51167817DF000CD7C8 /* crossprocess.acv in Resources */ = {isa = PBXBuildFile; fileRef = A7752E0C167817DF000CD7C8 /* crossprocess.acv */; };
		A7752E52167817DF000CD7C8 /* purple-green.acv in Resources */ = {isa = PBXBuildFile; fileRef = A7752E0D167817DF000CD7C8 /* purple-green.acv */; };
		A7752E53167817DF000CD7C8 /* yellow-red.acv in Resources */ = {isa = PBXBuildFile; fileRef = A7752E0E167817DF000CD7C8 /* yellow-red.acv */; };
		A781DFDC16972EB0002E2184 /* LoginViewController.m in Sources */ = {isa = PBXBuildFile; fileRef = A781DFDA16972EB0002E2184 /* LoginViewController.m */; };
		A781DFDD16972EB0002E2184 /* LoginViewController.xib in Resources */ = {isa = PBXBuildFile; fileRef = A781DFDB16972EB0002E2184 /* LoginViewController.xib */; };
		A7904E251677855100FE09E0 /* Icon.png in Resources */ = {isa = PBXBuildFile; fileRef = A7904E241677855100FE09E0 /* Icon.png */; };
		A7904E271677855400FE09E0 /* Icon@2x.png in Resources */ = {isa = PBXBuildFile; fileRef = A7904E261677855400FE09E0 /* Icon@2x.png */; };
		A796F8B71677FB070075C0D0 /* libGPUImage.a in Frameworks */ = {isa = PBXBuildFile; fileRef = A796F8B21677FAEF0075C0D0 /* libGPUImage.a */; };
		A797E4B91682674400664E9A /* InfoViewController.m in Sources */ = {isa = PBXBuildFile; fileRef = A797E4B81682674400664E9A /* InfoViewController.m */; };
		A7BE25A916A700FD005A0D7E /* facebookOff.png in Resources */ = {isa = PBXBuildFile; fileRef = A7BE25A516A700FD005A0D7E /* facebookOff.png */; };
		A7BE25AA16A700FD005A0D7E /* facebookOn.png in Resources */ = {isa = PBXBuildFile; fileRef = A7BE25A616A700FD005A0D7E /* facebookOn.png */; };
		A7BE25AB16A700FD005A0D7E /* twitterOff.png in Resources */ = {isa = PBXBuildFile; fileRef = A7BE25A716A700FD005A0D7E /* twitterOff.png */; };
		A7BE25AC16A700FD005A0D7E /* twitterOn.png in Resources */ = {isa = PBXBuildFile; fileRef = A7BE25A816A700FD005A0D7E /* twitterOn.png */; };
		A7C2B3F5167A2DC700D33C35 /* ASIAuthenticationDialog.m in Sources */ = {isa = PBXBuildFile; fileRef = A7C2B3E0167A2DC700D33C35 /* ASIAuthenticationDialog.m */; settings = {COMPILER_FLAGS = "-fno-objc-arc"; }; };
		A7C2B3F6167A2DC700D33C35 /* ASIDataCompressor.m in Sources */ = {isa = PBXBuildFile; fileRef = A7C2B3E3167A2DC700D33C35 /* ASIDataCompressor.m */; settings = {COMPILER_FLAGS = "-fno-objc-arc"; }; };
		A7C2B3F7167A2DC700D33C35 /* ASIDataDecompressor.m in Sources */ = {isa = PBXBuildFile; fileRef = A7C2B3E5167A2DC700D33C35 /* ASIDataDecompressor.m */; settings = {COMPILER_FLAGS = "-fno-objc-arc"; }; };
		A7C2B3F8167A2DC700D33C35 /* ASIDownloadCache.m in Sources */ = {isa = PBXBuildFile; fileRef = A7C2B3E7167A2DC700D33C35 /* ASIDownloadCache.m */; settings = {COMPILER_FLAGS = "-fno-objc-arc"; }; };
		A7C2B3F9167A2DC700D33C35 /* ASIFormDataRequest.m in Sources */ = {isa = PBXBuildFile; fileRef = A7C2B3E9167A2DC700D33C35 /* ASIFormDataRequest.m */; settings = {COMPILER_FLAGS = "-fno-objc-arc"; }; };
		A7C2B3FA167A2DC700D33C35 /* ASIHTTPRequest.m in Sources */ = {isa = PBXBuildFile; fileRef = A7C2B3EB167A2DC700D33C35 /* ASIHTTPRequest.m */; settings = {COMPILER_FLAGS = "-fno-objc-arc"; }; };
		A7C2B3FB167A2DC700D33C35 /* ASIInputStream.m in Sources */ = {isa = PBXBuildFile; fileRef = A7C2B3EF167A2DC700D33C35 /* ASIInputStream.m */; settings = {COMPILER_FLAGS = "-fno-objc-arc"; }; };
		A7C2B3FC167A2DC700D33C35 /* ASINetworkQueue.m in Sources */ = {isa = PBXBuildFile; fileRef = A7C2B3F1167A2DC700D33C35 /* ASINetworkQueue.m */; settings = {COMPILER_FLAGS = "-fno-objc-arc"; }; };
		A7C2B3FD167A2DC700D33C35 /* Reachability.m in Sources */ = {isa = PBXBuildFile; fileRef = A7C2B3F4167A2DC700D33C35 /* Reachability.m */; settings = {COMPILER_FLAGS = "-fno-objc-arc"; }; };
		A7C2B3FF167A2DE600D33C35 /* CFNetwork.framework in Frameworks */ = {isa = PBXBuildFile; fileRef = A7C2B3FE167A2DE600D33C35 /* CFNetwork.framework */; };
		A7C2B401167A2E0900D33C35 /* SystemConfiguration.framework in Frameworks */ = {isa = PBXBuildFile; fileRef = A7C2B400167A2E0900D33C35 /* SystemConfiguration.framework */; };
		A7C2B403167A2E1300D33C35 /* MobileCoreServices.framework in Frameworks */ = {isa = PBXBuildFile; fileRef = A7C2B402167A2E1300D33C35 /* MobileCoreServices.framework */; };
		A7C2B405167A2E2D00D33C35 /* libz.dylib in Frameworks */ = {isa = PBXBuildFile; fileRef = A7C2B404167A2E2D00D33C35 /* libz.dylib */; };
		A7CBCEEA16A464AC0012E9EE /* twitter.png in Resources */ = {isa = PBXBuildFile; fileRef = A7CBCEE816A464AC0012E9EE /* twitter.png */; };
		A7CBCEEC16A464ED0012E9EE /* facebookicon.png in Resources */ = {isa = PBXBuildFile; fileRef = A7CBCEEB16A464ED0012E9EE /* facebookicon.png */; };
		A7D12AD61694D0DD00A86E4A /* DescuentoViewController.m in Sources */ = {isa = PBXBuildFile; fileRef = A7D12AD51694D0DD00A86E4A /* DescuentoViewController.m */; };
		A7D243581676268000FE32C3 /* CustomNavigationBar.m in Sources */ = {isa = PBXBuildFile; fileRef = A7D243571676268000FE32C3 /* CustomNavigationBar.m */; };
		A7ED13351677D5F300929E1F /* CoreMedia.framework in Frameworks */ = {isa = PBXBuildFile; fileRef = A7ED13341677D5F300929E1F /* CoreMedia.framework */; };
		A7ED13371677D5F900929E1F /* CoreVideo.framework in Frameworks */ = {isa = PBXBuildFile; fileRef = A7ED13361677D5F900929E1F /* CoreVideo.framework */; };
		A7ED13391677D60200929E1F /* OpenGLES.framework in Frameworks */ = {isa = PBXBuildFile; fileRef = A7ED13381677D60200929E1F /* OpenGLES.framework */; };
		A7ED133B1677D60B00929E1F /* AVFoundation.framework in Frameworks */ = {isa = PBXBuildFile; fileRef = A7ED133A1677D60B00929E1F /* AVFoundation.framework */; };
		A7ED133D1677D61500929E1F /* QuartzCore.framework in Frameworks */ = {isa = PBXBuildFile; fileRef = A7ED133C1677D61500929E1F /* QuartzCore.framework */; };
/* End PBXBuildFile section */

/* Begin PBXContainerItemProxy section */
		A796F8B11677FAEF0075C0D0 /* PBXContainerItemProxy */ = {
			isa = PBXContainerItemProxy;
			containerPortal = A796F8A81677FAEF0075C0D0 /* GPUImage.xcodeproj */;
			proxyType = 2;
			remoteGlobalIDString = BCF1A33414DDB1EC00852800;
			remoteInfo = GPUImage;
		};
		A796F8B31677FAEF0075C0D0 /* PBXContainerItemProxy */ = {
			isa = PBXContainerItemProxy;
			containerPortal = A796F8A81677FAEF0075C0D0 /* GPUImage.xcodeproj */;
			proxyType = 2;
			remoteGlobalIDString = BCF1A34414DDB1EC00852800;
			remoteInfo = GPUImageTests;
		};
		A796F8B51677FAFB0075C0D0 /* PBXContainerItemProxy */ = {
			isa = PBXContainerItemProxy;
			containerPortal = A796F8A81677FAEF0075C0D0 /* GPUImage.xcodeproj */;
			proxyType = 1;
			remoteGlobalIDString = BCF1A33314DDB1EC00852800;
			remoteInfo = GPUImage;
		};
/* End PBXContainerItemProxy section */

/* Begin PBXFileReference section */
		A72E1D9916A8A3CF00CF2053 /* topbar.png */ = {isa = PBXFileReference; lastKnownFileType = image.png; path = topbar.png; sourceTree = "<group>"; };
		A72E1D9A16A8A3CF00CF2053 /* topbar@2x.png */ = {isa = PBXFileReference; lastKnownFileType = image.png; path = "topbar@2x.png"; sourceTree = "<group>"; };
		A72E1D9D16A8AB7C00CF2053 /* cancel.png */ = {isa = PBXFileReference; lastKnownFileType = image.png; path = cancel.png; sourceTree = "<group>"; };
		A72E1D9E16A8AB7C00CF2053 /* cancel@2x.png */ = {isa = PBXFileReference; lastKnownFileType = image.png; path = "cancel@2x.png"; sourceTree = "<group>"; };
		A732CD7F168CAAC000F45B64 /* AdSupport.framework */ = {isa = PBXFileReference; lastKnownFileType = wrapper.framework; name = AdSupport.framework; path = System/Library/Frameworks/AdSupport.framework; sourceTree = SDKROOT; };
		A73EC21E16AD9895000FCB71 /* FacebookSDK.framework */ = {isa = PBXFileReference; lastKnownFileType = wrapper.framework; name = FacebookSDK.framework; path = ../../../FacebookSDK/FacebookSDK.framework; sourceTree = "<group>"; };
		A73EC22016AD98A4000FCB71 /* FacebookSDKResources.bundle */ = {isa = PBXFileReference; lastKnownFileType = "wrapper.plug-in"; name = FacebookSDKResources.bundle; path = ../../../FacebookSDK/FacebookSDK.framework/Versions/A/Resources/FacebookSDKResources.bundle; sourceTree = "<group>"; };
		A741D8581675388600CCA065 /* Pickcel.app */ = {isa = PBXFileReference; explicitFileType = wrapper.application; includeInIndex = 0; path = Pickcel.app; sourceTree = BUILT_PRODUCTS_DIR; };
		A741D85C1675388600CCA065 /* UIKit.framework */ = {isa = PBXFileReference; lastKnownFileType = wrapper.framework; name = UIKit.framework; path = System/Library/Frameworks/UIKit.framework; sourceTree = SDKROOT; };
		A741D85E1675388600CCA065 /* Foundation.framework */ = {isa = PBXFileReference; lastKnownFileType = wrapper.framework; name = Foundation.framework; path = System/Library/Frameworks/Foundation.framework; sourceTree = SDKROOT; };
		A741D8601675388600CCA065 /* CoreGraphics.framework */ = {isa = PBXFileReference; lastKnownFileType = wrapper.framework; name = CoreGraphics.framework; path = System/Library/Frameworks/CoreGraphics.framework; sourceTree = SDKROOT; };
		A741D8641675388600CCA065 /* Pickcel-Info.plist */ = {isa = PBXFileReference; lastKnownFileType = text.plist.xml; path = "Pickcel-Info.plist"; sourceTree = "<group>"; };
		A741D8661675388600CCA065 /* en */ = {isa = PBXFileReference; lastKnownFileType = text.plist.strings; name = en; path = en.lproj/InfoPlist.strings; sourceTree = "<group>"; };
		A741D8681675388600CCA065 /* main.m */ = {isa = PBXFileReference; lastKnownFileType = sourcecode.c.objc; path = main.m; sourceTree = "<group>"; };
		A741D86A1675388600CCA065 /* Pickcel-Prefix.pch */ = {isa = PBXFileReference; lastKnownFileType = sourcecode.c.h; path = "Pickcel-Prefix.pch"; sourceTree = "<group>"; };
		A741D86B1675388600CCA065 /* AppDelegate.h */ = {isa = PBXFileReference; lastKnownFileType = sourcecode.c.h; path = AppDelegate.h; sourceTree = "<group>"; };
		A741D86C1675388600CCA065 /* AppDelegate.m */ = {isa = PBXFileReference; lastKnownFileType = sourcecode.c.objc; path = AppDelegate.m; sourceTree = "<group>"; };
		A741D86E1675388600CCA065 /* Default.png */ = {isa = PBXFileReference; lastKnownFileType = image.png; path = Default.png; sourceTree = "<group>"; };
		A741D8701675388600CCA065 /* Default@2x.png */ = {isa = PBXFileReference; lastKnownFileType = image.png; path = "Default@2x.png"; sourceTree = "<group>"; };
		A741D8721675388600CCA065 /* Default-568h@2x.png */ = {isa = PBXFileReference; lastKnownFileType = image.png; path = "Default-568h@2x.png"; sourceTree = "<group>"; };
		A741D8751675388600CCA065 /* en */ = {isa = PBXFileReference; lastKnownFileType = file.storyboard; name = en; path = en.lproj/MainStoryboard.storyboard; sourceTree = "<group>"; };
		A741D87F1675434400CCA065 /* ClientesCollectionViewController.h */ = {isa = PBXFileReference; fileEncoding = 4; lastKnownFileType = sourcecode.c.h; path = ClientesCollectionViewController.h; sourceTree = "<group>"; };
		A741D8801675434400CCA065 /* ClientesCollectionViewController.m */ = {isa = PBXFileReference; fileEncoding = 4; lastKnownFileType = sourcecode.c.objc; path = ClientesCollectionViewController.m; sourceTree = "<group>"; };
		A741D8821675439300CCA065 /* ClientesCollectionViewCell.h */ = {isa = PBXFileReference; fileEncoding = 4; lastKnownFileType = sourcecode.c.h; path = ClientesCollectionViewCell.h; sourceTree = "<group>"; };
		A741D8831675439300CCA065 /* ClientesCollectionViewCell.m */ = {isa = PBXFileReference; fileEncoding = 4; lastKnownFileType = sourcecode.c.objc; path = ClientesCollectionViewCell.m; sourceTree = "<group>"; };
		A741D8861675455400CCA065 /* icono.png */ = {isa = PBXFileReference; lastKnownFileType = image.png; path = icono.png; sourceTree = "<group>"; };
		A741D888167547AF00CCA065 /* TabBarViewController.h */ = {isa = PBXFileReference; fileEncoding = 4; lastKnownFileType = sourcecode.c.h; path = TabBarViewController.h; sourceTree = "<group>"; };
		A741D889167547AF00CCA065 /* TabBarViewController.m */ = {isa = PBXFileReference; fileEncoding = 4; lastKnownFileType = sourcecode.c.objc; path = TabBarViewController.m; sourceTree = "<group>"; };
		A741D88B1675485100CCA065 /* tabbar.png */ = {isa = PBXFileReference; lastKnownFileType = image.png; path = tabbar.png; sourceTree = "<group>"; };
		A741D88C1675485100CCA065 /* tabbar@2x.png */ = {isa = PBXFileReference; lastKnownFileType = image.png; path = "tabbar@2x.png"; sourceTree = "<group>"; };
		A741D88F167549A400CCA065 /* NavigationViewController.h */ = {isa = PBXFileReference; fileEncoding = 4; lastKnownFileType = sourcecode.c.h; path = NavigationViewController.h; sourceTree = "<group>"; };
		A741D890167549A400CCA065 /* NavigationViewController.m */ = {isa = PBXFileReference; fileEncoding = 4; lastKnownFileType = sourcecode.c.objc; path = NavigationViewController.m; sourceTree = "<group>"; };
		A741D89216754B2500CCA065 /* backgroundHome.png */ = {isa = PBXFileReference; lastKnownFileType = image.png; path = backgroundHome.png; sourceTree = "<group>"; };
		A75884A816766CC5007C0026 /* feeds.xml */ = {isa = PBXFileReference; fileEncoding = 4; lastKnownFileType = text.xml; path = feeds.xml; sourceTree = "<group>"; };
		A75884AA1676851D007C0026 /* ObtenerDescuentoNavigationViewController.h */ = {isa = PBXFileReference; fileEncoding = 4; lastKnownFileType = sourcecode.c.h; path = ObtenerDescuentoNavigationViewController.h; sourceTree = "<group>"; };
		A75884AB1676851D007C0026 /* ObtenerDescuentoNavigationViewController.m */ = {isa = PBXFileReference; fileEncoding = 4; lastKnownFileType = sourcecode.c.objc; path = ObtenerDescuentoNavigationViewController.m; sourceTree = "<group>"; };
		A75884AD16768741007C0026 /* CapturaViewController.h */ = {isa = PBXFileReference; fileEncoding = 4; lastKnownFileType = sourcecode.c.h; path = CapturaViewController.h; sourceTree = "<group>"; };
		A75884AE16768741007C0026 /* CapturaViewController.m */ = {isa = PBXFileReference; fileEncoding = 4; lastKnownFileType = sourcecode.c.objc; path = CapturaViewController.m; sourceTree = "<group>"; };
		A75D284316A898760088FE91 /* info.png */ = {isa = PBXFileReference; lastKnownFileType = image.png; path = info.png; sourceTree = "<group>"; };
		A75D284416A898760088FE91 /* info@2x.png */ = {isa = PBXFileReference; lastKnownFileType = image.png; path = "info@2x.png"; sourceTree = "<group>"; };
		A75D284716A8993A0088FE91 /* camaratab.png */ = {isa = PBXFileReference; lastKnownFileType = image.png; path = camaratab.png; sourceTree = "<group>"; };
		A75D284816A8993A0088FE91 /* camaratab@2x.png */ = {isa = PBXFileReference; lastKnownFileType = image.png; path = "camaratab@2x.png"; sourceTree = "<group>"; };
		A75D284F16A89D310088FE91 /* fondotabcamara.png */ = {isa = PBXFileReference; lastKnownFileType = image.png; path = fondotabcamara.png; sourceTree = "<group>"; };
		A75D285016A89D310088FE91 /* fondotabcamara@2x.png */ = {isa = PBXFileReference; lastKnownFileType = image.png; path = "fondotabcamara@2x.png"; sourceTree = "<group>"; };
		A76447D31680FB9B008116C0 /* Social.framework */ = {isa = PBXFileReference; lastKnownFileType = wrapper.framework; name = Social.framework; path = System/Library/Frameworks/Social.framework; sourceTree = SDKROOT; };
		A76447D51680FBA1008116C0 /* Accounts.framework */ = {isa = PBXFileReference; lastKnownFileType = wrapper.framework; name = Accounts.framework; path = System/Library/Frameworks/Accounts.framework; sourceTree = SDKROOT; };
		A7752DBF167817DE000CD7C8 /* BlurOverlayView.h */ = {isa = PBXFileReference; fileEncoding = 4; lastKnownFileType = sourcecode.c.h; path = BlurOverlayView.h; sourceTree = "<group>"; };
		A7752DC0167817DE000CD7C8 /* BlurOverlayView.m */ = {isa = PBXFileReference; fileEncoding = 4; lastKnownFileType = sourcecode.c.objc; path = BlurOverlayView.m; sourceTree = "<group>"; };
		A7752DC1167817DE000CD7C8 /* DLCImagePickerController.h */ = {isa = PBXFileReference; fileEncoding = 4; lastKnownFileType = sourcecode.c.h; path = DLCImagePickerController.h; sourceTree = "<group>"; };
		A7752DC2167817DE000CD7C8 /* DLCImagePickerController.m */ = {isa = PBXFileReference; fileEncoding = 4; lastKnownFileType = sourcecode.c.objc; path = DLCImagePickerController.m; sourceTree = "<group>"; };
		A7752DC3167817DE000CD7C8 /* GrayscaleContrastFilter.h */ = {isa = PBXFileReference; fileEncoding = 4; lastKnownFileType = sourcecode.c.h; path = GrayscaleContrastFilter.h; sourceTree = "<group>"; };
		A7752DC4167817DE000CD7C8 /* GrayscaleContrastFilter.m */ = {isa = PBXFileReference; fileEncoding = 4; lastKnownFileType = sourcecode.c.objc; path = GrayscaleContrastFilter.m; sourceTree = "<group>"; };
		A7752DC9167817DE000CD7C8 /* 1.jpg */ = {isa = PBXFileReference; lastKnownFileType = image.jpeg; path = 1.jpg; sourceTree = "<group>"; };
		A7752DCA167817DE000CD7C8 /* 10.jpg */ = {isa = PBXFileReference; lastKnownFileType = image.jpeg; path = 10.jpg; sourceTree = "<group>"; };
		A7752DCB167817DE000CD7C8 /* 10@2x.jpg */ = {isa = PBXFileReference; lastKnownFileType = image.jpeg; path = "10@2x.jpg"; sourceTree = "<group>"; };
		A7752DCC167817DE000CD7C8 /* 1@2x.jpg */ = {isa = PBXFileReference; lastKnownFileType = image.jpeg; path = "1@2x.jpg"; sourceTree = "<group>"; };
		A7752DCD167817DE000CD7C8 /* 2.jpg */ = {isa = PBXFileReference; lastKnownFileType = image.jpeg; path = 2.jpg; sourceTree = "<group>"; };
		A7752DCE167817DE000CD7C8 /* 2@2x.jpg */ = {isa = PBXFileReference; lastKnownFileType = image.jpeg; path = "2@2x.jpg"; sourceTree = "<group>"; };
		A7752DCF167817DE000CD7C8 /* 3.jpg */ = {isa = PBXFileReference; lastKnownFileType = image.jpeg; path = 3.jpg; sourceTree = "<group>"; };
		A7752DD0167817DE000CD7C8 /* 3@2x.jpg */ = {isa = PBXFileReference; lastKnownFileType = image.jpeg; path = "3@2x.jpg"; sourceTree = "<group>"; };
		A7752DD1167817DE000CD7C8 /* 4.jpg */ = {isa = PBXFileReference; lastKnownFileType = image.jpeg; path = 4.jpg; sourceTree = "<group>"; };
		A7752DD2167817DE000CD7C8 /* 4@2x.jpg */ = {isa = PBXFileReference; lastKnownFileType = image.jpeg; path = "4@2x.jpg"; sourceTree = "<group>"; };
		A7752DD3167817DE000CD7C8 /* 5.jpg */ = {isa = PBXFileReference; lastKnownFileType = image.jpeg; path = 5.jpg; sourceTree = "<group>"; };
		A7752DD4167817DE000CD7C8 /* 5@2x.jpg */ = {isa = PBXFileReference; lastKnownFileType = image.jpeg; path = "5@2x.jpg"; sourceTree = "<group>"; };
		A7752DD5167817DE000CD7C8 /* 6.jpg */ = {isa = PBXFileReference; lastKnownFileType = image.jpeg; path = 6.jpg; sourceTree = "<group>"; };
		A7752DD6167817DE000CD7C8 /* 6@2x.jpg */ = {isa = PBXFileReference; lastKnownFileType = image.jpeg; path = "6@2x.jpg"; sourceTree = "<group>"; };
		A7752DD7167817DE000CD7C8 /* 7.jpg */ = {isa = PBXFileReference; lastKnownFileType = image.jpeg; path = 7.jpg; sourceTree = "<group>"; };
		A7752DD8167817DE000CD7C8 /* 7@2x.jpg */ = {isa = PBXFileReference; lastKnownFileType = image.jpeg; path = "7@2x.jpg"; sourceTree = "<group>"; };
		A7752DD9167817DE000CD7C8 /* 8.jpg */ = {isa = PBXFileReference; lastKnownFileType = image.jpeg; path = 8.jpg; sourceTree = "<group>"; };
		A7752DDA167817DE000CD7C8 /* 8@2x.jpg */ = {isa = PBXFileReference; lastKnownFileType = image.jpeg; path = "8@2x.jpg"; sourceTree = "<group>"; };
		A7752DDB167817DE000CD7C8 /* 9.jpg */ = {isa = PBXFileReference; lastKnownFileType = image.jpeg; path = 9.jpg; sourceTree = "<group>"; };
		A7752DDC167817DE000CD7C8 /* 9@2x.jpg */ = {isa = PBXFileReference; lastKnownFileType = image.jpeg; path = "9@2x.jpg"; sourceTree = "<group>"; };
		A7752DDE167817DE000CD7C8 /* blackframe.png */ = {isa = PBXFileReference; lastKnownFileType = image.png; path = blackframe.png; sourceTree = "<group>"; };
		A7752DDF167817DE000CD7C8 /* mask.png */ = {isa = PBXFileReference; lastKnownFileType = image.png; path = mask.png; sourceTree = "<group>"; };
		A7752DE1167817DE000CD7C8 /* sample1.jpg */ = {isa = PBXFileReference; lastKnownFileType = image.jpeg; path = sample1.jpg; sourceTree = "<group>"; };
		A7752DE3167817DF000CD7C8 /* blur-on.png */ = {isa = PBXFileReference; lastKnownFileType = image.png; path = "blur-on.png"; sourceTree = "<group>"; };
		A7752DE4167817DF000CD7C8 /* blur-on@2x.png */ = {isa = PBXFileReference; lastKnownFileType = image.png; path = "blur-on@2x.png"; sourceTree = "<group>"; };
		A7752DE5167817DF000CD7C8 /* blur.png */ = {isa = PBXFileReference; lastKnownFileType = image.png; path = blur.png; sourceTree = "<group>"; };
		A7752DE6167817DF000CD7C8 /* blur@2x.png */ = {isa = PBXFileReference; lastKnownFileType = image.png; path = "blur@2x.png"; sourceTree = "<group>"; };
		A7752DE7167817DF000CD7C8 /* camera-button.png */ = {isa = PBXFileReference; lastKnownFileType = image.png; path = "camera-button.png"; sourceTree = "<group>"; };
		A7752DE8167817DF000CD7C8 /* camera-button@2x.png */ = {isa = PBXFileReference; lastKnownFileType = image.png; path = "camera-button@2x.png"; sourceTree = "<group>"; };
		A7752DE9167817DF000CD7C8 /* camera-icon.png */ = {isa = PBXFileReference; lastKnownFileType = image.png; path = "camera-icon.png"; sourceTree = "<group>"; };
		A7752DEA167817DF000CD7C8 /* camera-icon@2x.png */ = {isa = PBXFileReference; lastKnownFileType = image.png; path = "camera-icon@2x.png"; sourceTree = "<group>"; };
		A7752DEB167817DF000CD7C8 /* close.png */ = {isa = PBXFileReference; lastKnownFileType = image.png; path = close.png; sourceTree = "<group>"; };
		A7752DEC167817DF000CD7C8 /* close@2x.png */ = {isa = PBXFileReference; lastKnownFileType = image.png; path = "close@2x.png"; sourceTree = "<group>"; };
		A7752DED167817DF000CD7C8 /* dock_bg.png */ = {isa = PBXFileReference; lastKnownFileType = image.png; path = dock_bg.png; sourceTree = "<group>"; };
		A7752DEE167817DF000CD7C8 /* dock_bg@2x.png */ = {isa = PBXFileReference; lastKnownFileType = image.png; path = "dock_bg@2x.png"; sourceTree = "<group>"; };
		A7752DEF167817DF000CD7C8 /* filter-close.png */ = {isa = PBXFileReference; lastKnownFileType = image.png; path = "filter-close.png"; sourceTree = "<group>"; };
		A7752DF0167817DF000CD7C8 /* filter-close@2x.png */ = {isa = PBXFileReference; lastKnownFileType = image.png; path = "filter-close@2x.png"; sourceTree = "<group>"; };
		A7752DF1167817DF000CD7C8 /* filter-open.png */ = {isa = PBXFileReference; lastKnownFileType = image.png; path = "filter-open.png"; sourceTree = "<group>"; };
		A7752DF2167817DF000CD7C8 /* filter-open@2x.png */ = {isa = PBXFileReference; lastKnownFileType = image.png; path = "filter-open@2x.png"; sourceTree = "<group>"; };
		A7752DF3167817DF000CD7C8 /* filter.png */ = {isa = PBXFileReference; lastKnownFileType = image.png; path = filter.png; sourceTree = "<group>"; };
		A7752DF4167817DF000CD7C8 /* filter@2x.png */ = {isa = PBXFileReference; lastKnownFileType = image.png; path = "filter@2x.png"; sourceTree = "<group>"; };
		A7752DF5167817DF000CD7C8 /* flash-auto.png */ = {isa = PBXFileReference; lastKnownFileType = image.png; path = "flash-auto.png"; sourceTree = "<group>"; };
		A7752DF6167817DF000CD7C8 /* flash-auto@2x.png */ = {isa = PBXFileReference; lastKnownFileType = image.png; path = "flash-auto@2x.png"; sourceTree = "<group>"; };
		A7752DF7167817DF000CD7C8 /* flash-off.png */ = {isa = PBXFileReference; lastKnownFileType = image.png; path = "flash-off.png"; sourceTree = "<group>"; };
		A7752DF8167817DF000CD7C8 /* flash-off@2x.png */ = {isa = PBXFileReference; lastKnownFileType = image.png; path = "flash-off@2x.png"; sourceTree = "<group>"; };
		A7752DF9167817DF000CD7C8 /* flash.png */ = {isa = PBXFileReference; lastKnownFileType = image.png; path = flash.png; sourceTree = "<group>"; };
		A7752DFA167817DF000CD7C8 /* flash@2x.png */ = {isa = PBXFileReference; lastKnownFileType = image.png; path = "flash@2x.png"; sourceTree = "<group>"; };
		A7752DFB167817DF000CD7C8 /* focus-crosshair.png */ = {isa = PBXFileReference; lastKnownFileType = image.png; path = "focus-crosshair.png"; sourceTree = "<group>"; };
		A7752DFC167817DF000CD7C8 /* focus-crosshair@2x.png */ = {isa = PBXFileReference; lastKnownFileType = image.png; path = "focus-crosshair@2x.png"; sourceTree = "<group>"; };
		A7752DFD167817DF000CD7C8 /* front-camera.png */ = {isa = PBXFileReference; lastKnownFileType = image.png; path = "front-camera.png"; sourceTree = "<group>"; };
		A7752DFE167817DF000CD7C8 /* front-camera@2x.png */ = {isa = PBXFileReference; lastKnownFileType = image.png; path = "front-camera@2x.png"; sourceTree = "<group>"; };
		A7752DFF167817DF000CD7C8 /* library.png */ = {isa = PBXFileReference; lastKnownFileType = image.png; path = library.png; sourceTree = "<group>"; };
		A7752E00167817DF000CD7C8 /* library@2x.png */ = {isa = PBXFileReference; lastKnownFileType = image.png; path = "library@2x.png"; sourceTree = "<group>"; };
		A7752E01167817DF000CD7C8 /* micro_carbon.png */ = {isa = PBXFileReference; lastKnownFileType = image.png; path = micro_carbon.png; sourceTree = "<group>"; };
		A7752E02167817DF000CD7C8 /* micro_carbon@2x.png */ = {isa = PBXFileReference; lastKnownFileType = image.png; path = "micro_carbon@2x.png"; sourceTree = "<group>"; };
		A7752E03167817DF000CD7C8 /* photo_bar.png */ = {isa = PBXFileReference; lastKnownFileType = image.png; path = photo_bar.png; sourceTree = "<group>"; };
		A7752E04167817DF000CD7C8 /* photo_bar@2x.png */ = {isa = PBXFileReference; lastKnownFileType = image.png; path = "photo_bar@2x.png"; sourceTree = "<group>"; };
		A7752E06167817DF000CD7C8 /* DLCImagePicker.xib */ = {isa = PBXFileReference; fileEncoding = 4; lastKnownFileType = file.xib; path = DLCImagePicker.xib; sourceTree = "<group>"; };
		A7752E08167817DF000CD7C8 /* 02.acv */ = {isa = PBXFileReference; lastKnownFileType = file; path = 02.acv; sourceTree = "<group>"; };
		A7752E09167817DF000CD7C8 /* 06.acv */ = {isa = PBXFileReference; lastKnownFileType = file; path = 06.acv; sourceTree = "<group>"; };
		A7752E0A167817DF000CD7C8 /* 17.acv */ = {isa = PBXFileReference; lastKnownFileType = file; path = 17.acv; sourceTree = "<group>"; };
		A7752E0B167817DF000CD7C8 /* aqua.acv */ = {isa = PBXFileReference; lastKnownFileType = file; path = aqua.acv; sourceTree = "<group>"; };
		A7752E0C167817DF000CD7C8 /* crossprocess.acv */ = {isa = PBXFileReference; lastKnownFileType = file; path = crossprocess.acv; sourceTree = "<group>"; };
		A7752E0D167817DF000CD7C8 /* purple-green.acv */ = {isa = PBXFileReference; lastKnownFileType = file; path = "purple-green.acv"; sourceTree = "<group>"; };
		A7752E0E167817DF000CD7C8 /* yellow-red.acv */ = {isa = PBXFileReference; lastKnownFileType = file; path = "yellow-red.acv"; sourceTree = "<group>"; };
		A781DFD916972EB0002E2184 /* LoginViewController.h */ = {isa = PBXFileReference; fileEncoding = 4; lastKnownFileType = sourcecode.c.h; path = LoginViewController.h; sourceTree = "<group>"; };
		A781DFDA16972EB0002E2184 /* LoginViewController.m */ = {isa = PBXFileReference; fileEncoding = 4; lastKnownFileType = sourcecode.c.objc; path = LoginViewController.m; sourceTree = "<group>"; };
		A781DFDB16972EB0002E2184 /* LoginViewController.xib */ = {isa = PBXFileReference; fileEncoding = 4; lastKnownFileType = file.xib; path = LoginViewController.xib; sourceTree = "<group>"; };
		A7904E241677855100FE09E0 /* Icon.png */ = {isa = PBXFileReference; lastKnownFileType = image.png; name = Icon.png; path = ../Icon.png; sourceTree = "<group>"; };
		A7904E261677855400FE09E0 /* Icon@2x.png */ = {isa = PBXFileReference; lastKnownFileType = image.png; name = "Icon@2x.png"; path = "../Icon@2x.png"; sourceTree = "<group>"; };
		A796F8A81677FAEF0075C0D0 /* GPUImage.xcodeproj */ = {isa = PBXFileReference; lastKnownFileType = "wrapper.pb-project"; name = GPUImage.xcodeproj; path = Submodulos/GPUImage/framework/GPUImage.xcodeproj; sourceTree = "<group>"; };
		A797E4B71682674400664E9A /* InfoViewController.h */ = {isa = PBXFileReference; fileEncoding = 4; lastKnownFileType = sourcecode.c.h; path = InfoViewController.h; sourceTree = "<group>"; };
		A797E4B81682674400664E9A /* InfoViewController.m */ = {isa = PBXFileReference; fileEncoding = 4; lastKnownFileType = sourcecode.c.objc; path = InfoViewController.m; sourceTree = "<group>"; };
		A7BE25A516A700FD005A0D7E /* facebookOff.png */ = {isa = PBXFileReference; lastKnownFileType = image.png; path = facebookOff.png; sourceTree = "<group>"; };
		A7BE25A616A700FD005A0D7E /* facebookOn.png */ = {isa = PBXFileReference; lastKnownFileType = image.png; path = facebookOn.png; sourceTree = "<group>"; };
		A7BE25A716A700FD005A0D7E /* twitterOff.png */ = {isa = PBXFileReference; lastKnownFileType = image.png; path = twitterOff.png; sourceTree = "<group>"; };
		A7BE25A816A700FD005A0D7E /* twitterOn.png */ = {isa = PBXFileReference; lastKnownFileType = image.png; path = twitterOn.png; sourceTree = "<group>"; };
		A7C2B3DF167A2DC700D33C35 /* ASIAuthenticationDialog.h */ = {isa = PBXFileReference; fileEncoding = 4; lastKnownFileType = sourcecode.c.h; path = ASIAuthenticationDialog.h; sourceTree = "<group>"; };
		A7C2B3E0167A2DC700D33C35 /* ASIAuthenticationDialog.m */ = {isa = PBXFileReference; fileEncoding = 4; lastKnownFileType = sourcecode.c.objc; path = ASIAuthenticationDialog.m; sourceTree = "<group>"; };
		A7C2B3E1167A2DC700D33C35 /* ASICacheDelegate.h */ = {isa = PBXFileReference; fileEncoding = 4; lastKnownFileType = sourcecode.c.h; path = ASICacheDelegate.h; sourceTree = "<group>"; };
		A7C2B3E2167A2DC700D33C35 /* ASIDataCompressor.h */ = {isa = PBXFileReference; fileEncoding = 4; lastKnownFileType = sourcecode.c.h; path = ASIDataCompressor.h; sourceTree = "<group>"; };
		A7C2B3E3167A2DC700D33C35 /* ASIDataCompressor.m */ = {isa = PBXFileReference; fileEncoding = 4; lastKnownFileType = sourcecode.c.objc; path = ASIDataCompressor.m; sourceTree = "<group>"; };
		A7C2B3E4167A2DC700D33C35 /* ASIDataDecompressor.h */ = {isa = PBXFileReference; fileEncoding = 4; lastKnownFileType = sourcecode.c.h; path = ASIDataDecompressor.h; sourceTree = "<group>"; };
		A7C2B3E5167A2DC700D33C35 /* ASIDataDecompressor.m */ = {isa = PBXFileReference; fileEncoding = 4; lastKnownFileType = sourcecode.c.objc; path = ASIDataDecompressor.m; sourceTree = "<group>"; };
		A7C2B3E6167A2DC700D33C35 /* ASIDownloadCache.h */ = {isa = PBXFileReference; fileEncoding = 4; lastKnownFileType = sourcecode.c.h; path = ASIDownloadCache.h; sourceTree = "<group>"; };
		A7C2B3E7167A2DC700D33C35 /* ASIDownloadCache.m */ = {isa = PBXFileReference; fileEncoding = 4; lastKnownFileType = sourcecode.c.objc; path = ASIDownloadCache.m; sourceTree = "<group>"; };
		A7C2B3E8167A2DC700D33C35 /* ASIFormDataRequest.h */ = {isa = PBXFileReference; fileEncoding = 4; lastKnownFileType = sourcecode.c.h; path = ASIFormDataRequest.h; sourceTree = "<group>"; };
		A7C2B3E9167A2DC700D33C35 /* ASIFormDataRequest.m */ = {isa = PBXFileReference; fileEncoding = 4; lastKnownFileType = sourcecode.c.objc; path = ASIFormDataRequest.m; sourceTree = "<group>"; };
		A7C2B3EA167A2DC700D33C35 /* ASIHTTPRequest.h */ = {isa = PBXFileReference; fileEncoding = 4; lastKnownFileType = sourcecode.c.h; path = ASIHTTPRequest.h; sourceTree = "<group>"; };
		A7C2B3EB167A2DC700D33C35 /* ASIHTTPRequest.m */ = {isa = PBXFileReference; fileEncoding = 4; lastKnownFileType = sourcecode.c.objc; path = ASIHTTPRequest.m; sourceTree = "<group>"; };
		A7C2B3EC167A2DC700D33C35 /* ASIHTTPRequestConfig.h */ = {isa = PBXFileReference; fileEncoding = 4; lastKnownFileType = sourcecode.c.h; path = ASIHTTPRequestConfig.h; sourceTree = "<group>"; };
		A7C2B3ED167A2DC700D33C35 /* ASIHTTPRequestDelegate.h */ = {isa = PBXFileReference; fileEncoding = 4; lastKnownFileType = sourcecode.c.h; path = ASIHTTPRequestDelegate.h; sourceTree = "<group>"; };
		A7C2B3EE167A2DC700D33C35 /* ASIInputStream.h */ = {isa = PBXFileReference; fileEncoding = 4; lastKnownFileType = sourcecode.c.h; path = ASIInputStream.h; sourceTree = "<group>"; };
		A7C2B3EF167A2DC700D33C35 /* ASIInputStream.m */ = {isa = PBXFileReference; fileEncoding = 4; lastKnownFileType = sourcecode.c.objc; path = ASIInputStream.m; sourceTree = "<group>"; };
		A7C2B3F0167A2DC700D33C35 /* ASINetworkQueue.h */ = {isa = PBXFileReference; fileEncoding = 4; lastKnownFileType = sourcecode.c.h; path = ASINetworkQueue.h; sourceTree = "<group>"; };
		A7C2B3F1167A2DC700D33C35 /* ASINetworkQueue.m */ = {isa = PBXFileReference; fileEncoding = 4; lastKnownFileType = sourcecode.c.objc; path = ASINetworkQueue.m; sourceTree = "<group>"; };
		A7C2B3F2167A2DC700D33C35 /* ASIProgressDelegate.h */ = {isa = PBXFileReference; fileEncoding = 4; lastKnownFileType = sourcecode.c.h; path = ASIProgressDelegate.h; sourceTree = "<group>"; };
		A7C2B3F3167A2DC700D33C35 /* Reachability.h */ = {isa = PBXFileReference; fileEncoding = 4; lastKnownFileType = sourcecode.c.h; path = Reachability.h; sourceTree = "<group>"; };
		A7C2B3F4167A2DC700D33C35 /* Reachability.m */ = {isa = PBXFileReference; fileEncoding = 4; lastKnownFileType = sourcecode.c.objc; path = Reachability.m; sourceTree = "<group>"; };
		A7C2B3FE167A2DE600D33C35 /* CFNetwork.framework */ = {isa = PBXFileReference; lastKnownFileType = wrapper.framework; name = CFNetwork.framework; path = System/Library/Frameworks/CFNetwork.framework; sourceTree = SDKROOT; };
		A7C2B400167A2E0900D33C35 /* SystemConfiguration.framework */ = {isa = PBXFileReference; lastKnownFileType = wrapper.framework; name = SystemConfiguration.framework; path = System/Library/Frameworks/SystemConfiguration.framework; sourceTree = SDKROOT; };
		A7C2B402167A2E1300D33C35 /* MobileCoreServices.framework */ = {isa = PBXFileReference; lastKnownFileType = wrapper.framework; name = MobileCoreServices.framework; path = System/Library/Frameworks/MobileCoreServices.framework; sourceTree = SDKROOT; };
		A7C2B404167A2E2D00D33C35 /* libz.dylib */ = {isa = PBXFileReference; lastKnownFileType = "compiled.mach-o.dylib"; name = libz.dylib; path = usr/lib/libz.dylib; sourceTree = SDKROOT; };
		A7CBCEE816A464AC0012E9EE /* twitter.png */ = {isa = PBXFileReference; lastKnownFileType = image.png; path = twitter.png; sourceTree = "<group>"; };
		A7CBCEEB16A464ED0012E9EE /* facebookicon.png */ = {isa = PBXFileReference; lastKnownFileType = image.png; path = facebookicon.png; sourceTree = "<group>"; };
		A7D12AD41694D0DD00A86E4A /* DescuentoViewController.h */ = {isa = PBXFileReference; fileEncoding = 4; lastKnownFileType = sourcecode.c.h; path = DescuentoViewController.h; sourceTree = "<group>"; };
		A7D12AD51694D0DD00A86E4A /* DescuentoViewController.m */ = {isa = PBXFileReference; fileEncoding = 4; lastKnownFileType = sourcecode.c.objc; path = DescuentoViewController.m; sourceTree = "<group>"; };
		A7D243561676268000FE32C3 /* CustomNavigationBar.h */ = {isa = PBXFileReference; fileEncoding = 4; lastKnownFileType = sourcecode.c.h; path = CustomNavigationBar.h; sourceTree = "<group>"; };
		A7D243571676268000FE32C3 /* CustomNavigationBar.m */ = {isa = PBXFileReference; fileEncoding = 4; lastKnownFileType = sourcecode.c.objc; path = CustomNavigationBar.m; sourceTree = "<group>"; };
		A7ED13341677D5F300929E1F /* CoreMedia.framework */ = {isa = PBXFileReference; lastKnownFileType = wrapper.framework; name = CoreMedia.framework; path = System/Library/Frameworks/CoreMedia.framework; sourceTree = SDKROOT; };
		A7ED13361677D5F900929E1F /* CoreVideo.framework */ = {isa = PBXFileReference; lastKnownFileType = wrapper.framework; name = CoreVideo.framework; path = System/Library/Frameworks/CoreVideo.framework; sourceTree = SDKROOT; };
		A7ED13381677D60200929E1F /* OpenGLES.framework */ = {isa = PBXFileReference; lastKnownFileType = wrapper.framework; name = OpenGLES.framework; path = System/Library/Frameworks/OpenGLES.framework; sourceTree = SDKROOT; };
		A7ED133A1677D60B00929E1F /* AVFoundation.framework */ = {isa = PBXFileReference; lastKnownFileType = wrapper.framework; name = AVFoundation.framework; path = System/Library/Frameworks/AVFoundation.framework; sourceTree = SDKROOT; };
		A7ED133C1677D61500929E1F /* QuartzCore.framework */ = {isa = PBXFileReference; lastKnownFileType = wrapper.framework; name = QuartzCore.framework; path = System/Library/Frameworks/QuartzCore.framework; sourceTree = SDKROOT; };
/* End PBXFileReference section */

/* Begin PBXFrameworksBuildPhase section */
		A741D8551675388600CCA065 /* Frameworks */ = {
			isa = PBXFrameworksBuildPhase;
			buildActionMask = 2147483647;
			files = (
				A732CD80168CAAC000F45B64 /* AdSupport.framework in Frameworks */,
				A76447D61680FBA1008116C0 /* Accounts.framework in Frameworks */,
				A76447D41680FB9B008116C0 /* Social.framework in Frameworks */,
				A7C2B405167A2E2D00D33C35 /* libz.dylib in Frameworks */,
				A741D8611675388600CCA065 /* CoreGraphics.framework in Frameworks */,
				A7C2B403167A2E1300D33C35 /* MobileCoreServices.framework in Frameworks */,
				A7C2B401167A2E0900D33C35 /* SystemConfiguration.framework in Frameworks */,
				A7C2B3FF167A2DE600D33C35 /* CFNetwork.framework in Frameworks */,
				A7ED133D1677D61500929E1F /* QuartzCore.framework in Frameworks */,
				A7ED133B1677D60B00929E1F /* AVFoundation.framework in Frameworks */,
				A7ED13391677D60200929E1F /* OpenGLES.framework in Frameworks */,
				A7ED13371677D5F900929E1F /* CoreVideo.framework in Frameworks */,
				A7ED13351677D5F300929E1F /* CoreMedia.framework in Frameworks */,
				A796F8B71677FB070075C0D0 /* libGPUImage.a in Frameworks */,
				A741D85D1675388600CCA065 /* UIKit.framework in Frameworks */,
				A741D85F1675388600CCA065 /* Foundation.framework in Frameworks */,
				A73EC21F16AD9895000FCB71 /* FacebookSDK.framework in Frameworks */,
			);
			runOnlyForDeploymentPostprocessing = 0;
		};
/* End PBXFrameworksBuildPhase section */

/* Begin PBXGroup section */
		A741D84D1675388600CCA065 = {
			isa = PBXGroup;
			children = (
				A741D8621675388600CCA065 /* Pickcel */,
				A741D85B1675388600CCA065 /* Frameworks */,
				A741D8591675388600CCA065 /* Products */,
			);
			sourceTree = "<group>";
		};
		A741D8591675388600CCA065 /* Products */ = {
			isa = PBXGroup;
			children = (
				A741D8581675388600CCA065 /* Pickcel.app */,
			);
			name = Products;
			sourceTree = "<group>";
		};
		A741D85B1675388600CCA065 /* Frameworks */ = {
			isa = PBXGroup;
			children = (
				A73EC22016AD98A4000FCB71 /* FacebookSDKResources.bundle */,
				A73EC21E16AD9895000FCB71 /* FacebookSDK.framework */,
				A732CD7F168CAAC000F45B64 /* AdSupport.framework */,
				A76447D51680FBA1008116C0 /* Accounts.framework */,
				A76447D31680FB9B008116C0 /* Social.framework */,
				A7C2B404167A2E2D00D33C35 /* libz.dylib */,
				A7C2B402167A2E1300D33C35 /* MobileCoreServices.framework */,
				A7C2B400167A2E0900D33C35 /* SystemConfiguration.framework */,
				A7C2B3FE167A2DE600D33C35 /* CFNetwork.framework */,
				A796F8A81677FAEF0075C0D0 /* GPUImage.xcodeproj */,
				A7ED133C1677D61500929E1F /* QuartzCore.framework */,
				A7ED133A1677D60B00929E1F /* AVFoundation.framework */,
				A7ED13381677D60200929E1F /* OpenGLES.framework */,
				A7ED13361677D5F900929E1F /* CoreVideo.framework */,
				A7ED13341677D5F300929E1F /* CoreMedia.framework */,
				A741D85C1675388600CCA065 /* UIKit.framework */,
				A741D85E1675388600CCA065 /* Foundation.framework */,
				A741D8601675388600CCA065 /* CoreGraphics.framework */,
			);
			name = Frameworks;
			sourceTree = "<group>";
		};
		A741D8621675388600CCA065 /* Pickcel */ = {
			isa = PBXGroup;
			children = (
				A797E4B11682535C00664E9A /* Login */,
				A7C2B3DE167A2DC700D33C35 /* ASIHTTPRequest */,
				A7752DBD167817DE000CD7C8 /* DLCImagePickerController */,
				A75884A3167668DE007C0026 /* xml */,
				A7D2435B16762CF000FE32C3 /* Vistas */,
				A7D2435A16762CBB00FE32C3 /* Controladores */,
				A741D885167544A600CCA065 /* Artwork */,
				A741D86B1675388600CCA065 /* AppDelegate.h */,
				A741D86C1675388600CCA065 /* AppDelegate.m */,
				A741D8741675388600CCA065 /* MainStoryboard.storyboard */,
				A741D8631675388600CCA065 /* Supporting Files */,
			);
			path = Pickcel;
			sourceTree = "<group>";
		};
		A741D8631675388600CCA065 /* Supporting Files */ = {
			isa = PBXGroup;
			children = (
				A7904E261677855400FE09E0 /* Icon@2x.png */,
				A7904E241677855100FE09E0 /* Icon.png */,
				A741D8641675388600CCA065 /* Pickcel-Info.plist */,
				A741D8651675388600CCA065 /* InfoPlist.strings */,
				A741D8681675388600CCA065 /* main.m */,
				A741D86A1675388600CCA065 /* Pickcel-Prefix.pch */,
				A741D86E1675388600CCA065 /* Default.png */,
				A741D8701675388600CCA065 /* Default@2x.png */,
				A741D8721675388600CCA065 /* Default-568h@2x.png */,
			);
			name = "Supporting Files";
			sourceTree = "<group>";
		};
		A741D885167544A600CCA065 /* Artwork */ = {
			isa = PBXGroup;
			children = (
				A72E1D9D16A8AB7C00CF2053 /* cancel.png */,
				A72E1D9E16A8AB7C00CF2053 /* cancel@2x.png */,
				A72E1D9916A8A3CF00CF2053 /* topbar.png */,
				A72E1D9A16A8A3CF00CF2053 /* topbar@2x.png */,
				A75D284F16A89D310088FE91 /* fondotabcamara.png */,
				A75D285016A89D310088FE91 /* fondotabcamara@2x.png */,
				A75D284716A8993A0088FE91 /* camaratab.png */,
				A75D284816A8993A0088FE91 /* camaratab@2x.png */,
				A75D284316A898760088FE91 /* info.png */,
				A75D284416A898760088FE91 /* info@2x.png */,
				A7BE25A516A700FD005A0D7E /* facebookOff.png */,
				A7BE25A616A700FD005A0D7E /* facebookOn.png */,
				A7BE25A716A700FD005A0D7E /* twitterOff.png */,
				A7BE25A816A700FD005A0D7E /* twitterOn.png */,
				A7CBCEEB16A464ED0012E9EE /* facebookicon.png */,
				A7CBCEE816A464AC0012E9EE /* twitter.png */,
				A741D89216754B2500CCA065 /* backgroundHome.png */,
				A741D88B1675485100CCA065 /* tabbar.png */,
				A741D88C1675485100CCA065 /* tabbar@2x.png */,
				A741D8861675455400CCA065 /* icono.png */,
			);
			path = Artwork;
			sourceTree = "<group>";
		};
		A75884A3167668DE007C0026 /* xml */ = {
			isa = PBXGroup;
			children = (
				A75884A816766CC5007C0026 /* feeds.xml */,
			);
			path = xml;
			sourceTree = "<group>";
		};
		A7752DBD167817DE000CD7C8 /* DLCImagePickerController */ = {
			isa = PBXGroup;
			children = (
				A7752DBE167817DE000CD7C8 /* Classes */,
				A7752DC7167817DE000CD7C8 /* Images */,
				A7752E05167817DF000CD7C8 /* Resources */,
			);
			name = DLCImagePickerController;
			path = Submodulos/DLCImagePickerController;
			sourceTree = SOURCE_ROOT;
		};
		A7752DBE167817DE000CD7C8 /* Classes */ = {
			isa = PBXGroup;
			children = (
				A7752DBF167817DE000CD7C8 /* BlurOverlayView.h */,
				A7752DC0167817DE000CD7C8 /* BlurOverlayView.m */,
				A7752DC1167817DE000CD7C8 /* DLCImagePickerController.h */,
				A7752DC2167817DE000CD7C8 /* DLCImagePickerController.m */,
				A7752DC3167817DE000CD7C8 /* GrayscaleContrastFilter.h */,
				A7752DC4167817DE000CD7C8 /* GrayscaleContrastFilter.m */,
			);
			path = Classes;
			sourceTree = "<group>";
		};
		A7752DC7167817DE000CD7C8 /* Images */ = {
			isa = PBXGroup;
			children = (
				A7752DC8167817DE000CD7C8 /* FilterSamples */,
				A7752DDD167817DE000CD7C8 /* Overlays */,
				A7752DE0167817DE000CD7C8 /* Samples */,
				A7752DE2167817DE000CD7C8 /* UI */,
			);
			path = Images;
			sourceTree = "<group>";
		};
		A7752DC8167817DE000CD7C8 /* FilterSamples */ = {
			isa = PBXGroup;
			children = (
				A7752DC9167817DE000CD7C8 /* 1.jpg */,
				A7752DCA167817DE000CD7C8 /* 10.jpg */,
				A7752DCB167817DE000CD7C8 /* 10@2x.jpg */,
				A7752DCC167817DE000CD7C8 /* 1@2x.jpg */,
				A7752DCD167817DE000CD7C8 /* 2.jpg */,
				A7752DCE167817DE000CD7C8 /* 2@2x.jpg */,
				A7752DCF167817DE000CD7C8 /* 3.jpg */,
				A7752DD0167817DE000CD7C8 /* 3@2x.jpg */,
				A7752DD1167817DE000CD7C8 /* 4.jpg */,
				A7752DD2167817DE000CD7C8 /* 4@2x.jpg */,
				A7752DD3167817DE000CD7C8 /* 5.jpg */,
				A7752DD4167817DE000CD7C8 /* 5@2x.jpg */,
				A7752DD5167817DE000CD7C8 /* 6.jpg */,
				A7752DD6167817DE000CD7C8 /* 6@2x.jpg */,
				A7752DD7167817DE000CD7C8 /* 7.jpg */,
				A7752DD8167817DE000CD7C8 /* 7@2x.jpg */,
				A7752DD9167817DE000CD7C8 /* 8.jpg */,
				A7752DDA167817DE000CD7C8 /* 8@2x.jpg */,
				A7752DDB167817DE000CD7C8 /* 9.jpg */,
				A7752DDC167817DE000CD7C8 /* 9@2x.jpg */,
			);
			path = FilterSamples;
			sourceTree = "<group>";
		};
		A7752DDD167817DE000CD7C8 /* Overlays */ = {
			isa = PBXGroup;
			children = (
				A7752DDE167817DE000CD7C8 /* blackframe.png */,
				A7752DDF167817DE000CD7C8 /* mask.png */,
			);
			path = Overlays;
			sourceTree = "<group>";
		};
		A7752DE0167817DE000CD7C8 /* Samples */ = {
			isa = PBXGroup;
			children = (
				A7752DE1167817DE000CD7C8 /* sample1.jpg */,
			);
			path = Samples;
			sourceTree = "<group>";
		};
		A7752DE2167817DE000CD7C8 /* UI */ = {
			isa = PBXGroup;
			children = (
				A7752DE3167817DF000CD7C8 /* blur-on.png */,
				A7752DE4167817DF000CD7C8 /* blur-on@2x.png */,
				A7752DE5167817DF000CD7C8 /* blur.png */,
				A7752DE6167817DF000CD7C8 /* blur@2x.png */,
				A7752DE7167817DF000CD7C8 /* camera-button.png */,
				A7752DE8167817DF000CD7C8 /* camera-button@2x.png */,
				A7752DE9167817DF000CD7C8 /* camera-icon.png */,
				A7752DEA167817DF000CD7C8 /* camera-icon@2x.png */,
				A7752DEB167817DF000CD7C8 /* close.png */,
				A7752DEC167817DF000CD7C8 /* close@2x.png */,
				A7752DED167817DF000CD7C8 /* dock_bg.png */,
				A7752DEE167817DF000CD7C8 /* dock_bg@2x.png */,
				A7752DEF167817DF000CD7C8 /* filter-close.png */,
				A7752DF0167817DF000CD7C8 /* filter-close@2x.png */,
				A7752DF1167817DF000CD7C8 /* filter-open.png */,
				A7752DF2167817DF000CD7C8 /* filter-open@2x.png */,
				A7752DF3167817DF000CD7C8 /* filter.png */,
				A7752DF4167817DF000CD7C8 /* filter@2x.png */,
				A7752DF5167817DF000CD7C8 /* flash-auto.png */,
				A7752DF6167817DF000CD7C8 /* flash-auto@2x.png */,
				A7752DF7167817DF000CD7C8 /* flash-off.png */,
				A7752DF8167817DF000CD7C8 /* flash-off@2x.png */,
				A7752DF9167817DF000CD7C8 /* flash.png */,
				A7752DFA167817DF000CD7C8 /* flash@2x.png */,
				A7752DFB167817DF000CD7C8 /* focus-crosshair.png */,
				A7752DFC167817DF000CD7C8 /* focus-crosshair@2x.png */,
				A7752DFD167817DF000CD7C8 /* front-camera.png */,
				A7752DFE167817DF000CD7C8 /* front-camera@2x.png */,
				A7752DFF167817DF000CD7C8 /* library.png */,
				A7752E00167817DF000CD7C8 /* library@2x.png */,
				A7752E01167817DF000CD7C8 /* micro_carbon.png */,
				A7752E02167817DF000CD7C8 /* micro_carbon@2x.png */,
				A7752E03167817DF000CD7C8 /* photo_bar.png */,
				A7752E04167817DF000CD7C8 /* photo_bar@2x.png */,
			);
			path = UI;
			sourceTree = "<group>";
		};
		A7752E05167817DF000CD7C8 /* Resources */ = {
			isa = PBXGroup;
			children = (
				A7752E06167817DF000CD7C8 /* DLCImagePicker.xib */,
				A7752E07167817DF000CD7C8 /* Filters */,
			);
			path = Resources;
			sourceTree = "<group>";
		};
		A7752E07167817DF000CD7C8 /* Filters */ = {
			isa = PBXGroup;
			children = (
				A7752E08167817DF000CD7C8 /* 02.acv */,
				A7752E09167817DF000CD7C8 /* 06.acv */,
				A7752E0A167817DF000CD7C8 /* 17.acv */,
				A7752E0B167817DF000CD7C8 /* aqua.acv */,
				A7752E0C167817DF000CD7C8 /* crossprocess.acv */,
				A7752E0D167817DF000CD7C8 /* purple-green.acv */,
				A7752E0E167817DF000CD7C8 /* yellow-red.acv */,
			);
			path = Filters;
			sourceTree = "<group>";
		};
		A796F8A91677FAEF0075C0D0 /* Products */ = {
			isa = PBXGroup;
			children = (
				A796F8B21677FAEF0075C0D0 /* libGPUImage.a */,
				A796F8B41677FAEF0075C0D0 /* GPUImageTests.octest */,
			);
			name = Products;
			sourceTree = "<group>";
		};
		A797E4B11682535C00664E9A /* Login */ = {
			isa = PBXGroup;
			children = (
				A781DFD916972EB0002E2184 /* LoginViewController.h */,
				A781DFDA16972EB0002E2184 /* LoginViewController.m */,
				A781DFDB16972EB0002E2184 /* LoginViewController.xib */,
			);
			path = Login;
			sourceTree = "<group>";
		};
		A7C2B3DE167A2DC700D33C35 /* ASIHTTPRequest */ = {
			isa = PBXGroup;
			children = (
				A7C2B3DF167A2DC700D33C35 /* ASIAuthenticationDialog.h */,
				A7C2B3E0167A2DC700D33C35 /* ASIAuthenticationDialog.m */,
				A7C2B3E1167A2DC700D33C35 /* ASICacheDelegate.h */,
				A7C2B3E2167A2DC700D33C35 /* ASIDataCompressor.h */,
				A7C2B3E3167A2DC700D33C35 /* ASIDataCompressor.m */,
				A7C2B3E4167A2DC700D33C35 /* ASIDataDecompressor.h */,
				A7C2B3E5167A2DC700D33C35 /* ASIDataDecompressor.m */,
				A7C2B3E6167A2DC700D33C35 /* ASIDownloadCache.h */,
				A7C2B3E7167A2DC700D33C35 /* ASIDownloadCache.m */,
				A7C2B3E8167A2DC700D33C35 /* ASIFormDataRequest.h */,
				A7C2B3E9167A2DC700D33C35 /* ASIFormDataRequest.m */,
				A7C2B3EA167A2DC700D33C35 /* ASIHTTPRequest.h */,
				A7C2B3EB167A2DC700D33C35 /* ASIHTTPRequest.m */,
				A7C2B3EC167A2DC700D33C35 /* ASIHTTPRequestConfig.h */,
				A7C2B3ED167A2DC700D33C35 /* ASIHTTPRequestDelegate.h */,
				A7C2B3EE167A2DC700D33C35 /* ASIInputStream.h */,
				A7C2B3EF167A2DC700D33C35 /* ASIInputStream.m */,
				A7C2B3F0167A2DC700D33C35 /* ASINetworkQueue.h */,
				A7C2B3F1167A2DC700D33C35 /* ASINetworkQueue.m */,
				A7C2B3F2167A2DC700D33C35 /* ASIProgressDelegate.h */,
				A7C2B3F3167A2DC700D33C35 /* Reachability.h */,
				A7C2B3F4167A2DC700D33C35 /* Reachability.m */,
			);
			path = ASIHTTPRequest;
			sourceTree = SOURCE_ROOT;
		};
		A7D2435A16762CBB00FE32C3 /* Controladores */ = {
			isa = PBXGroup;
			children = (
				A75884AD16768741007C0026 /* CapturaViewController.h */,
				A75884AE16768741007C0026 /* CapturaViewController.m */,
				A741D88F167549A400CCA065 /* NavigationViewController.h */,
				A741D890167549A400CCA065 /* NavigationViewController.m */,
				A741D888167547AF00CCA065 /* TabBarViewController.h */,
				A741D889167547AF00CCA065 /* TabBarViewController.m */,
				A741D87F1675434400CCA065 /* ClientesCollectionViewController.h */,
				A741D8801675434400CCA065 /* ClientesCollectionViewController.m */,
				A75884AA1676851D007C0026 /* ObtenerDescuentoNavigationViewController.h */,
				A75884AB1676851D007C0026 /* ObtenerDescuentoNavigationViewController.m */,
				A797E4B71682674400664E9A /* InfoViewController.h */,
				A797E4B81682674400664E9A /* InfoViewController.m */,
				A7D12AD41694D0DD00A86E4A /* DescuentoViewController.h */,
				A7D12AD51694D0DD00A86E4A /* DescuentoViewController.m */,
			);
			name = Controladores;
			sourceTree = "<group>";
		};
		A7D2435B16762CF000FE32C3 /* Vistas */ = {
			isa = PBXGroup;
			children = (
				A7D243561676268000FE32C3 /* CustomNavigationBar.h */,
				A7D243571676268000FE32C3 /* CustomNavigationBar.m */,
				A741D8821675439300CCA065 /* ClientesCollectionViewCell.h */,
				A741D8831675439300CCA065 /* ClientesCollectionViewCell.m */,
			);
			name = Vistas;
			sourceTree = "<group>";
		};
/* End PBXGroup section */

/* Begin PBXNativeTarget section */
		A741D8571675388600CCA065 /* Pickcel */ = {
			isa = PBXNativeTarget;
			buildConfigurationList = A741D87C1675388600CCA065 /* Build configuration list for PBXNativeTarget "Pickcel" */;
			buildPhases = (
				A741D8541675388600CCA065 /* Sources */,
				A741D8551675388600CCA065 /* Frameworks */,
				A741D8561675388600CCA065 /* Resources */,
			);
			buildRules = (
			);
			dependencies = (
				A796F8B61677FAFB0075C0D0 /* PBXTargetDependency */,
			);
			name = Pickcel;
			productName = Pickcel;
			productReference = A741D8581675388600CCA065 /* Pickcel.app */;
			productType = "com.apple.product-type.application";
		};
/* End PBXNativeTarget section */

/* Begin PBXProject section */
		A741D84F1675388600CCA065 /* Project object */ = {
			isa = PBXProject;
			attributes = {
				LastUpgradeCheck = 0450;
				ORGANIZATIONNAME = Reframe;
			};
			buildConfigurationList = A741D8521675388600CCA065 /* Build configuration list for PBXProject "Pickcel" */;
			compatibilityVersion = "Xcode 3.2";
			developmentRegion = English;
			hasScannedForEncodings = 0;
			knownRegions = (
				en,
			);
			mainGroup = A741D84D1675388600CCA065;
			productRefGroup = A741D8591675388600CCA065 /* Products */;
			projectDirPath = "";
			projectReferences = (
				{
					ProductGroup = A796F8A91677FAEF0075C0D0 /* Products */;
					ProjectRef = A796F8A81677FAEF0075C0D0 /* GPUImage.xcodeproj */;
				},
			);
			projectRoot = "";
			targets = (
				A741D8571675388600CCA065 /* Pickcel */,
			);
		};
/* End PBXProject section */

/* Begin PBXReferenceProxy section */
		A796F8B21677FAEF0075C0D0 /* libGPUImage.a */ = {
			isa = PBXReferenceProxy;
			fileType = archive.ar;
			path = libGPUImage.a;
			remoteRef = A796F8B11677FAEF0075C0D0 /* PBXContainerItemProxy */;
			sourceTree = BUILT_PRODUCTS_DIR;
		};
		A796F8B41677FAEF0075C0D0 /* GPUImageTests.octest */ = {
			isa = PBXReferenceProxy;
			fileType = wrapper.cfbundle;
			path = GPUImageTests.octest;
			remoteRef = A796F8B31677FAEF0075C0D0 /* PBXContainerItemProxy */;
			sourceTree = BUILT_PRODUCTS_DIR;
		};
/* End PBXReferenceProxy section */

/* Begin PBXResourcesBuildPhase section */
		A741D8561675388600CCA065 /* Resources */ = {
			isa = PBXResourcesBuildPhase;
			buildActionMask = 2147483647;
			files = (
				A741D8671675388600CCA065 /* InfoPlist.strings in Resources */,
				A741D86F1675388600CCA065 /* Default.png in Resources */,
				A741D8711675388600CCA065 /* Default@2x.png in Resources */,
				A741D8731675388600CCA065 /* Default-568h@2x.png in Resources */,
				A741D8761675388600CCA065 /* MainStoryboard.storyboard in Resources */,
				A741D8871675455400CCA065 /* icono.png in Resources */,
				A741D88D1675485100CCA065 /* tabbar.png in Resources */,
				A741D88E1675485100CCA065 /* tabbar@2x.png in Resources */,
				A741D89316754B2500CCA065 /* backgroundHome.png in Resources */,
				A75884A916766CC5007C0026 /* feeds.xml in Resources */,
				A7904E251677855100FE09E0 /* Icon.png in Resources */,
				A7904E271677855400FE09E0 /* Icon@2x.png in Resources */,
				A7752E13167817DF000CD7C8 /* 1.jpg in Resources */,
				A7752E14167817DF000CD7C8 /* 10.jpg in Resources */,
				A7752E15167817DF000CD7C8 /* 10@2x.jpg in Resources */,
				A7752E16167817DF000CD7C8 /* 1@2x.jpg in Resources */,
				A7752E17167817DF000CD7C8 /* 2.jpg in Resources */,
				A7752E18167817DF000CD7C8 /* 2@2x.jpg in Resources */,
				A7752E19167817DF000CD7C8 /* 3.jpg in Resources */,
				A7752E1A167817DF000CD7C8 /* 3@2x.jpg in Resources */,
				A7752E1B167817DF000CD7C8 /* 4.jpg in Resources */,
				A7752E1C167817DF000CD7C8 /* 4@2x.jpg in Resources */,
				A7752E1D167817DF000CD7C8 /* 5.jpg in Resources */,
				A7752E1E167817DF000CD7C8 /* 5@2x.jpg in Resources */,
				A7752E1F167817DF000CD7C8 /* 6.jpg in Resources */,
				A7752E20167817DF000CD7C8 /* 6@2x.jpg in Resources */,
				A7752E21167817DF000CD7C8 /* 7.jpg in Resources */,
				A7752E22167817DF000CD7C8 /* 7@2x.jpg in Resources */,
				A7752E23167817DF000CD7C8 /* 8.jpg in Resources */,
				A7752E24167817DF000CD7C8 /* 8@2x.jpg in Resources */,
				A7752E25167817DF000CD7C8 /* 9.jpg in Resources */,
				A7752E26167817DF000CD7C8 /* 9@2x.jpg in Resources */,
				A7752E27167817DF000CD7C8 /* blackframe.png in Resources */,
				A7752E28167817DF000CD7C8 /* mask.png in Resources */,
				A7752E29167817DF000CD7C8 /* sample1.jpg in Resources */,
				A7752E2A167817DF000CD7C8 /* blur-on.png in Resources */,
				A7752E2B167817DF000CD7C8 /* blur-on@2x.png in Resources */,
				A7752E2C167817DF000CD7C8 /* blur.png in Resources */,
				A7752E2D167817DF000CD7C8 /* blur@2x.png in Resources */,
				A7752E2E167817DF000CD7C8 /* camera-button.png in Resources */,
				A7752E2F167817DF000CD7C8 /* camera-button@2x.png in Resources */,
				A7752E30167817DF000CD7C8 /* camera-icon.png in Resources */,
				A7752E31167817DF000CD7C8 /* camera-icon@2x.png in Resources */,
				A7752E32167817DF000CD7C8 /* close.png in Resources */,
				A7752E33167817DF000CD7C8 /* close@2x.png in Resources */,
				A7752E34167817DF000CD7C8 /* dock_bg.png in Resources */,
				A7752E35167817DF000CD7C8 /* dock_bg@2x.png in Resources */,
				A7752E36167817DF000CD7C8 /* filter-close.png in Resources */,
				A7752E37167817DF000CD7C8 /* filter-close@2x.png in Resources */,
				A7752E38167817DF000CD7C8 /* filter-open.png in Resources */,
				A7752E39167817DF000CD7C8 /* filter-open@2x.png in Resources */,
				A7752E3A167817DF000CD7C8 /* filter.png in Resources */,
				A7752E3B167817DF000CD7C8 /* filter@2x.png in Resources */,
				A7752E3C167817DF000CD7C8 /* flash-auto.png in Resources */,
				A7752E3D167817DF000CD7C8 /* flash-auto@2x.png in Resources */,
				A7752E3E167817DF000CD7C8 /* flash-off.png in Resources */,
				A7752E3F167817DF000CD7C8 /* flash-off@2x.png in Resources */,
				A7752E40167817DF000CD7C8 /* flash.png in Resources */,
				A7752E41167817DF000CD7C8 /* flash@2x.png in Resources */,
				A7752E42167817DF000CD7C8 /* focus-crosshair.png in Resources */,
				A7752E43167817DF000CD7C8 /* focus-crosshair@2x.png in Resources */,
				A7752E44167817DF000CD7C8 /* front-camera.png in Resources */,
				A7752E45167817DF000CD7C8 /* front-camera@2x.png in Resources */,
				A7752E46167817DF000CD7C8 /* library.png in Resources */,
				A7752E47167817DF000CD7C8 /* library@2x.png in Resources */,
				A7752E48167817DF000CD7C8 /* micro_carbon.png in Resources */,
				A7752E49167817DF000CD7C8 /* micro_carbon@2x.png in Resources */,
				A7752E4A167817DF000CD7C8 /* photo_bar.png in Resources */,
				A7752E4B167817DF000CD7C8 /* photo_bar@2x.png in Resources */,
				A7752E4C167817DF000CD7C8 /* DLCImagePicker.xib in Resources */,
				A7752E4D167817DF000CD7C8 /* 02.acv in Resources */,
				A7752E4E167817DF000CD7C8 /* 06.acv in Resources */,
				A7752E4F167817DF000CD7C8 /* 17.acv in Resources */,
				A7752E50167817DF000CD7C8 /* aqua.acv in Resources */,
				A7752E51167817DF000CD7C8 /* crossprocess.acv in Resources */,
				A7752E52167817DF000CD7C8 /* purple-green.acv in Resources */,
				A7752E53167817DF000CD7C8 /* yellow-red.acv in Resources */,
				A781DFDD16972EB0002E2184 /* LoginViewController.xib in Resources */,
				A7CBCEEA16A464AC0012E9EE /* twitter.png in Resources */,
				A7CBCEEC16A464ED0012E9EE /* facebookicon.png in Resources */,
				A7BE25A916A700FD005A0D7E /* facebookOff.png in Resources */,
				A7BE25AA16A700FD005A0D7E /* facebookOn.png in Resources */,
				A7BE25AB16A700FD005A0D7E /* twitterOff.png in Resources */,
				A7BE25AC16A700FD005A0D7E /* twitterOn.png in Resources */,
				A75D284516A898760088FE91 /* info.png in Resources */,
				A75D284616A898760088FE91 /* info@2x.png in Resources */,
				A75D284916A8993A0088FE91 /* camaratab.png in Resources */,
				A75D284A16A8993A0088FE91 /* camaratab@2x.png in Resources */,
				A75D285116A89D310088FE91 /* fondotabcamara.png in Resources */,
				A75D285216A89D310088FE91 /* fondotabcamara@2x.png in Resources */,
				A72E1D9B16A8A3CF00CF2053 /* topbar.png in Resources */,
				A72E1D9C16A8A3CF00CF2053 /* topbar@2x.png in Resources */,
				A72E1D9F16A8AB7C00CF2053 /* cancel.png in Resources */,
				A72E1DA016A8AB7C00CF2053 /* cancel@2x.png in Resources */,
				A73EC22116AD98A4000FCB71 /* FacebookSDKResources.bundle in Resources */,
			);
			runOnlyForDeploymentPostprocessing = 0;
		};
/* End PBXResourcesBuildPhase section */

/* Begin PBXSourcesBuildPhase section */
		A741D8541675388600CCA065 /* Sources */ = {
			isa = PBXSourcesBuildPhase;
			buildActionMask = 2147483647;
			files = (
				A741D8691675388600CCA065 /* main.m in Sources */,
				A741D86D1675388600CCA065 /* AppDelegate.m in Sources */,
				A741D8811675434400CCA065 /* ClientesCollectionViewController.m in Sources */,
				A741D8841675439300CCA065 /* ClientesCollectionViewCell.m in Sources */,
				A741D88A167547AF00CCA065 /* TabBarViewController.m in Sources */,
				A741D891167549A400CCA065 /* NavigationViewController.m in Sources */,
				A7D243581676268000FE32C3 /* CustomNavigationBar.m in Sources */,
				A75884AC1676851E007C0026 /* ObtenerDescuentoNavigationViewController.m in Sources */,
				A75884AF16768741007C0026 /* CapturaViewController.m in Sources */,
				A7752E0F167817DF000CD7C8 /* BlurOverlayView.m in Sources */,
				A7752E10167817DF000CD7C8 /* DLCImagePickerController.m in Sources */,
				A7752E11167817DF000CD7C8 /* GrayscaleContrastFilter.m in Sources */,
				A7C2B3F5167A2DC700D33C35 /* ASIAuthenticationDialog.m in Sources */,
				A7C2B3F6167A2DC700D33C35 /* ASIDataCompressor.m in Sources */,
				A7C2B3F7167A2DC700D33C35 /* ASIDataDecompressor.m in Sources */,
				A7C2B3F8167A2DC700D33C35 /* ASIDownloadCache.m in Sources */,
				A7C2B3F9167A2DC700D33C35 /* ASIFormDataRequest.m in Sources */,
				A7C2B3FA167A2DC700D33C35 /* ASIHTTPRequest.m in Sources */,
				A7C2B3FB167A2DC700D33C35 /* ASIInputStream.m in Sources */,
				A7C2B3FC167A2DC700D33C35 /* ASINetworkQueue.m in Sources */,
				A7C2B3FD167A2DC700D33C35 /* Reachability.m in Sources */,
				A797E4B91682674400664E9A /* InfoViewController.m in Sources */,
				A7D12AD61694D0DD00A86E4A /* DescuentoViewController.m in Sources */,
				A781DFDC16972EB0002E2184 /* LoginViewController.m in Sources */,
			);
			runOnlyForDeploymentPostprocessing = 0;
		};
/* End PBXSourcesBuildPhase section */

/* Begin PBXTargetDependency section */
		A796F8B61677FAFB0075C0D0 /* PBXTargetDependency */ = {
			isa = PBXTargetDependency;
			name = GPUImage;
			targetProxy = A796F8B51677FAFB0075C0D0 /* PBXContainerItemProxy */;
		};
/* End PBXTargetDependency section */

/* Begin PBXVariantGroup section */
		A741D8651675388600CCA065 /* InfoPlist.strings */ = {
			isa = PBXVariantGroup;
			children = (
				A741D8661675388600CCA065 /* en */,
			);
			name = InfoPlist.strings;
			sourceTree = "<group>";
		};
		A741D8741675388600CCA065 /* MainStoryboard.storyboard */ = {
			isa = PBXVariantGroup;
			children = (
				A741D8751675388600CCA065 /* en */,
			);
			name = MainStoryboard.storyboard;
			sourceTree = "<group>";
		};
/* End PBXVariantGroup section */

/* Begin XCBuildConfiguration section */
		A741D87A1675388600CCA065 /* Debug */ = {
			isa = XCBuildConfiguration;
			buildSettings = {
				ALWAYS_SEARCH_USER_PATHS = NO;
				CLANG_CXX_LANGUAGE_STANDARD = "gnu++0x";
				CLANG_CXX_LIBRARY = "libc++";
				CLANG_ENABLE_OBJC_ARC = YES;
				CLANG_WARN_EMPTY_BODY = YES;
				CLANG_WARN__DUPLICATE_METHOD_MATCH = YES;
				"CODE_SIGN_IDENTITY[sdk=iphoneos*]" = "iPhone Developer";
				COPY_PHASE_STRIP = NO;
				GCC_C_LANGUAGE_STANDARD = gnu99;
				GCC_DYNAMIC_NO_PIC = NO;
				GCC_OPTIMIZATION_LEVEL = 0;
				GCC_PREPROCESSOR_DEFINITIONS = (
					"DEBUG=1",
					"$(inherited)",
				);
				GCC_SYMBOLS_PRIVATE_EXTERN = NO;
				GCC_WARN_ABOUT_RETURN_TYPE = YES;
				GCC_WARN_UNINITIALIZED_AUTOS = YES;
				GCC_WARN_UNUSED_VARIABLE = YES;
				IPHONEOS_DEPLOYMENT_TARGET = 6.0;
				ONLY_ACTIVE_ARCH = YES;
				SDKROOT = iphoneos;
			};
			name = Debug;
		};
		A741D87B1675388600CCA065 /* Release */ = {
			isa = XCBuildConfiguration;
			buildSettings = {
				ALWAYS_SEARCH_USER_PATHS = NO;
				CLANG_CXX_LANGUAGE_STANDARD = "gnu++0x";
				CLANG_CXX_LIBRARY = "libc++";
				CLANG_ENABLE_OBJC_ARC = YES;
				CLANG_WARN_EMPTY_BODY = YES;
				CLANG_WARN__DUPLICATE_METHOD_MATCH = YES;
				"CODE_SIGN_IDENTITY[sdk=iphoneos*]" = "iPhone Developer";
				COPY_PHASE_STRIP = YES;
				GCC_C_LANGUAGE_STANDARD = gnu99;
				GCC_WARN_ABOUT_RETURN_TYPE = YES;
				GCC_WARN_UNINITIALIZED_AUTOS = YES;
				GCC_WARN_UNUSED_VARIABLE = YES;
				IPHONEOS_DEPLOYMENT_TARGET = 6.0;
				OTHER_CFLAGS = "-DNS_BLOCK_ASSERTIONS=1";
				SDKROOT = iphoneos;
				VALIDATE_PRODUCT = YES;
			};
			name = Release;
		};
		A741D87D1675388600CCA065 /* Debug */ = {
			isa = XCBuildConfiguration;
			buildSettings = {
				FRAMEWORK_SEARCH_PATHS = (
					"$(inherited)",
					"\"$(SRCROOT)/../../FacebookSDK\"",
					"\"$(SRCROOT)/../../../FacebookSDK\"",
				);
				GCC_PRECOMPILE_PREFIX_HEADER = YES;
				GCC_PREFIX_HEADER = "Pickcel/Pickcel-Prefix.pch";
				HEADER_SEARCH_PATHS = "Submodulos/GPUImage/framework/**";
				INFOPLIST_FILE = "Pickcel/Pickcel-Info.plist";
				OTHER_LDFLAGS = (
					"-ObjC",
					"-lsqlite3.0",
				);
				PRODUCT_NAME = "$(TARGET_NAME)";
				WRAPPER_EXTENSION = app;
			};
			name = Debug;
		};
		A741D87E1675388600CCA065 /* Release */ = {
			isa = XCBuildConfiguration;
			buildSettings = {
				FRAMEWORK_SEARCH_PATHS = (
					"$(inherited)",
					"\"$(SRCROOT)/../../FacebookSDK\"",
					"\"$(SRCROOT)/../../../FacebookSDK\"",
				);
				GCC_PRECOMPILE_PREFIX_HEADER = YES;
				GCC_PREFIX_HEADER = "Pickcel/Pickcel-Prefix.pch";
				HEADER_SEARCH_PATHS = "Submodulos/GPUImage/framework/**";
				INFOPLIST_FILE = "Pickcel/Pickcel-Info.plist";
				OTHER_LDFLAGS = (
					"-ObjC",
					"-lsqlite3.0",
				);
				PRODUCT_NAME = "$(TARGET_NAME)";
				WRAPPER_EXTENSION = app;
			};
			name = Release;
		};
/* End XCBuildConfiguration section */

/* Begin XCConfigurationList section */
		A741D8521675388600CCA065 /* Build configuration list for PBXProject "Pickcel" */ = {
			isa = XCConfigurationList;
			buildConfigurations = (
				A741D87A1675388600CCA065 /* Debug */,
				A741D87B1675388600CCA065 /* Release */,
			);
			defaultConfigurationIsVisible = 0;
			defaultConfigurationName = Release;
		};
		A741D87C1675388600CCA065 /* Build configuration list for PBXNativeTarget "Pickcel" */ = {
			isa = XCConfigurationList;
			buildConfigurations = (
				A741D87D1675388600CCA065 /* Debug */,
				A741D87E1675388600CCA065 /* Release */,
			);
			defaultConfigurationIsVisible = 0;
			defaultConfigurationName = Release;
		};
/* End XCConfigurationList section */
	};
	rootObject = A741D84F1675388600CCA065 /* Project object */;
}
