// !$*UTF8*$!
{
	archiveVersion = 1;
	classes = {
	};
	objectVersion = 46;
	objects = {

/* Begin PBXBuildFile section */
		A741D85D1675388600CCA065 /* UIKit.framework in Frameworks */ = {isa = PBXBuildFile; fileRef = A741D85C1675388600CCA065 /* UIKit.framework */; };
		A741D85F1675388600CCA065 /* Foundation.framework in Frameworks */ = {isa = PBXBuildFile; fileRef = A741D85E1675388600CCA065 /* Foundation.framework */; };
		A741D8611675388600CCA065 /* CoreGraphics.framework in Frameworks */ = {isa = PBXBuildFile; fileRef = A741D8601675388600CCA065 /* CoreGraphics.framework */; };
		A741D8671675388600CCA065 /* InfoPlist.strings in Resources */ = {isa = PBXBuildFile; fileRef = A741D8651675388600CCA065 /* InfoPlist.strings */; };
		A741D8691675388600CCA065 /* main.m in Sources */ = {isa = PBXBuildFile; fileRef = A741D8681675388600CCA065 /* main.m */; };
		A741D86D1675388600CCA065 /* AppDelegate.m in Sources */ = {isa = PBXBuildFile; fileRef = A741D86C1675388600CCA065 /* AppDelegate.m */; };
		A741D86F1675388600CCA065 /* Default.png in Resources */ = {isa = PBXBuildFile; fileRef = A741D86E1675388600CCA065 /* Default.png */; };
		A741D8711675388600CCA065 /* Default@2x.png in Resources */ = {isa = PBXBuildFile; fileRef = A741D8701675388600CCA065 /* Default@2x.png */; };
		A741D8731675388600CCA065 /* Default-568h@2x.png in Resources */ = {isa = PBXBuildFile; fileRef = A741D8721675388600CCA065 /* Default-568h@2x.png */; };
		A741D8761675388600CCA065 /* MainStoryboard.storyboard in Resources */ = {isa = PBXBuildFile; fileRef = A741D8741675388600CCA065 /* MainStoryboard.storyboard */; };
		A741D8811675434400CCA065 /* ClientesCollectionViewController.m in Sources */ = {isa = PBXBuildFile; fileRef = A741D8801675434400CCA065 /* ClientesCollectionViewController.m */; };
		A741D8841675439300CCA065 /* ClientesCollectionViewCell.m in Sources */ = {isa = PBXBuildFile; fileRef = A741D8831675439300CCA065 /* ClientesCollectionViewCell.m */; };
		A741D8871675455400CCA065 /* icono.png in Resources */ = {isa = PBXBuildFile; fileRef = A741D8861675455400CCA065 /* icono.png */; };
		A741D88A167547AF00CCA065 /* TabBarViewController.m in Sources */ = {isa = PBXBuildFile; fileRef = A741D889167547AF00CCA065 /* TabBarViewController.m */; };
		A741D88D1675485100CCA065 /* tabbar.png in Resources */ = {isa = PBXBuildFile; fileRef = A741D88B1675485100CCA065 /* tabbar.png */; };
		A741D88E1675485100CCA065 /* tabbar@2x.png in Resources */ = {isa = PBXBuildFile; fileRef = A741D88C1675485100CCA065 /* tabbar@2x.png */; };
		A741D891167549A400CCA065 /* NavigationViewController.m in Sources */ = {isa = PBXBuildFile; fileRef = A741D890167549A400CCA065 /* NavigationViewController.m */; };
		A741D89316754B2500CCA065 /* backgroundHome.png in Resources */ = {isa = PBXBuildFile; fileRef = A741D89216754B2500CCA065 /* backgroundHome.png */; };
		A75884A916766CC5007C0026 /* feeds.xml in Resources */ = {isa = PBXBuildFile; fileRef = A75884A816766CC5007C0026 /* feeds.xml */; };
		A75884AC1676851E007C0026 /* ObtenerDescuentoNavigationViewController.m in Sources */ = {isa = PBXBuildFile; fileRef = A75884AB1676851D007C0026 /* ObtenerDescuentoNavigationViewController.m */; };
		A75884AF16768741007C0026 /* CapturaViewController.m in Sources */ = {isa = PBXBuildFile; fileRef = A75884AE16768741007C0026 /* CapturaViewController.m */; };
		A7904E251677855100FE09E0 /* Icon.png in Resources */ = {isa = PBXBuildFile; fileRef = A7904E241677855100FE09E0 /* Icon.png */; };
		A7904E271677855400FE09E0 /* Icon@2x.png in Resources */ = {isa = PBXBuildFile; fileRef = A7904E261677855400FE09E0 /* Icon@2x.png */; };
		A7904E2A1677A4DF00FE09E0 /* FiltrosCollectionViewCell.m in Sources */ = {isa = PBXBuildFile; fileRef = A7904E291677A4DF00FE09E0 /* FiltrosCollectionViewCell.m */; };
		A7D243581676268000FE32C3 /* CustomNavigationBar.m in Sources */ = {isa = PBXBuildFile; fileRef = A7D243571676268000FE32C3 /* CustomNavigationBar.m */; };
		A7ED13351677D5F300929E1F /* CoreMedia.framework in Frameworks */ = {isa = PBXBuildFile; fileRef = A7ED13341677D5F300929E1F /* CoreMedia.framework */; };
		A7ED13371677D5F900929E1F /* CoreVideo.framework in Frameworks */ = {isa = PBXBuildFile; fileRef = A7ED13361677D5F900929E1F /* CoreVideo.framework */; };
		A7ED13391677D60200929E1F /* OpenGLES.framework in Frameworks */ = {isa = PBXBuildFile; fileRef = A7ED13381677D60200929E1F /* OpenGLES.framework */; };
		A7ED133B1677D60B00929E1F /* AVFoundation.framework in Frameworks */ = {isa = PBXBuildFile; fileRef = A7ED133A1677D60B00929E1F /* AVFoundation.framework */; };
		A7ED133D1677D61500929E1F /* QuartzCore.framework in Frameworks */ = {isa = PBXBuildFile; fileRef = A7ED133C1677D61500929E1F /* QuartzCore.framework */; };
		A7ED134D1677D72D00929E1F /* libGPUImage.a in Frameworks */ = {isa = PBXBuildFile; fileRef = A7ED13481677D71300929E1F /* libGPUImage.a */; };
/* End PBXBuildFile section */

/* Begin PBXContainerItemProxy section */
		A7ED13471677D71300929E1F /* PBXContainerItemProxy */ = {
			isa = PBXContainerItemProxy;
			containerPortal = A7ED133E1677D71200929E1F /* GPUImage.xcodeproj */;
			proxyType = 2;
			remoteGlobalIDString = BCF1A33414DDB1EC00852800;
			remoteInfo = GPUImage;
		};
		A7ED13491677D71300929E1F /* PBXContainerItemProxy */ = {
			isa = PBXContainerItemProxy;
			containerPortal = A7ED133E1677D71200929E1F /* GPUImage.xcodeproj */;
			proxyType = 2;
			remoteGlobalIDString = BCF1A34414DDB1EC00852800;
			remoteInfo = GPUImageTests;
		};
		A7ED134B1677D72500929E1F /* PBXContainerItemProxy */ = {
			isa = PBXContainerItemProxy;
			containerPortal = A7ED133E1677D71200929E1F /* GPUImage.xcodeproj */;
			proxyType = 1;
			remoteGlobalIDString = BCF1A33314DDB1EC00852800;
			remoteInfo = GPUImage;
		};
/* End PBXContainerItemProxy section */

/* Begin PBXFileReference section */
		A741D8581675388600CCA065 /* Pickcel.app */ = {isa = PBXFileReference; explicitFileType = wrapper.application; includeInIndex = 0; path = Pickcel.app; sourceTree = BUILT_PRODUCTS_DIR; };
		A741D85C1675388600CCA065 /* UIKit.framework */ = {isa = PBXFileReference; lastKnownFileType = wrapper.framework; name = UIKit.framework; path = System/Library/Frameworks/UIKit.framework; sourceTree = SDKROOT; };
		A741D85E1675388600CCA065 /* Foundation.framework */ = {isa = PBXFileReference; lastKnownFileType = wrapper.framework; name = Foundation.framework; path = System/Library/Frameworks/Foundation.framework; sourceTree = SDKROOT; };
		A741D8601675388600CCA065 /* CoreGraphics.framework */ = {isa = PBXFileReference; lastKnownFileType = wrapper.framework; name = CoreGraphics.framework; path = System/Library/Frameworks/CoreGraphics.framework; sourceTree = SDKROOT; };
		A741D8641675388600CCA065 /* Pickcel-Info.plist */ = {isa = PBXFileReference; lastKnownFileType = text.plist.xml; path = "Pickcel-Info.plist"; sourceTree = "<group>"; };
		A741D8661675388600CCA065 /* en */ = {isa = PBXFileReference; lastKnownFileType = text.plist.strings; name = en; path = en.lproj/InfoPlist.strings; sourceTree = "<group>"; };
		A741D8681675388600CCA065 /* main.m */ = {isa = PBXFileReference; lastKnownFileType = sourcecode.c.objc; path = main.m; sourceTree = "<group>"; };
		A741D86A1675388600CCA065 /* Pickcel-Prefix.pch */ = {isa = PBXFileReference; lastKnownFileType = sourcecode.c.h; path = "Pickcel-Prefix.pch"; sourceTree = "<group>"; };
		A741D86B1675388600CCA065 /* AppDelegate.h */ = {isa = PBXFileReference; lastKnownFileType = sourcecode.c.h; path = AppDelegate.h; sourceTree = "<group>"; };
		A741D86C1675388600CCA065 /* AppDelegate.m */ = {isa = PBXFileReference; lastKnownFileType = sourcecode.c.objc; path = AppDelegate.m; sourceTree = "<group>"; };
		A741D86E1675388600CCA065 /* Default.png */ = {isa = PBXFileReference; lastKnownFileType = image.png; path = Default.png; sourceTree = "<group>"; };
		A741D8701675388600CCA065 /* Default@2x.png */ = {isa = PBXFileReference; lastKnownFileType = image.png; path = "Default@2x.png"; sourceTree = "<group>"; };
		A741D8721675388600CCA065 /* Default-568h@2x.png */ = {isa = PBXFileReference; lastKnownFileType = image.png; path = "Default-568h@2x.png"; sourceTree = "<group>"; };
		A741D8751675388600CCA065 /* en */ = {isa = PBXFileReference; lastKnownFileType = file.storyboard; name = en; path = en.lproj/MainStoryboard.storyboard; sourceTree = "<group>"; };
		A741D87F1675434400CCA065 /* ClientesCollectionViewController.h */ = {isa = PBXFileReference; fileEncoding = 4; lastKnownFileType = sourcecode.c.h; path = ClientesCollectionViewController.h; sourceTree = "<group>"; };
		A741D8801675434400CCA065 /* ClientesCollectionViewController.m */ = {isa = PBXFileReference; fileEncoding = 4; lastKnownFileType = sourcecode.c.objc; path = ClientesCollectionViewController.m; sourceTree = "<group>"; };
		A741D8821675439300CCA065 /* ClientesCollectionViewCell.h */ = {isa = PBXFileReference; fileEncoding = 4; lastKnownFileType = sourcecode.c.h; path = ClientesCollectionViewCell.h; sourceTree = "<group>"; };
		A741D8831675439300CCA065 /* ClientesCollectionViewCell.m */ = {isa = PBXFileReference; fileEncoding = 4; lastKnownFileType = sourcecode.c.objc; path = ClientesCollectionViewCell.m; sourceTree = "<group>"; };
		A741D8861675455400CCA065 /* icono.png */ = {isa = PBXFileReference; lastKnownFileType = image.png; path = icono.png; sourceTree = "<group>"; };
		A741D888167547AF00CCA065 /* TabBarViewController.h */ = {isa = PBXFileReference; fileEncoding = 4; lastKnownFileType = sourcecode.c.h; path = TabBarViewController.h; sourceTree = "<group>"; };
		A741D889167547AF00CCA065 /* TabBarViewController.m */ = {isa = PBXFileReference; fileEncoding = 4; lastKnownFileType = sourcecode.c.objc; path = TabBarViewController.m; sourceTree = "<group>"; };
		A741D88B1675485100CCA065 /* tabbar.png */ = {isa = PBXFileReference; lastKnownFileType = image.png; path = tabbar.png; sourceTree = "<group>"; };
		A741D88C1675485100CCA065 /* tabbar@2x.png */ = {isa = PBXFileReference; lastKnownFileType = image.png; path = "tabbar@2x.png"; sourceTree = "<group>"; };
		A741D88F167549A400CCA065 /* NavigationViewController.h */ = {isa = PBXFileReference; fileEncoding = 4; lastKnownFileType = sourcecode.c.h; path = NavigationViewController.h; sourceTree = "<group>"; };
		A741D890167549A400CCA065 /* NavigationViewController.m */ = {isa = PBXFileReference; fileEncoding = 4; lastKnownFileType = sourcecode.c.objc; path = NavigationViewController.m; sourceTree = "<group>"; };
		A741D89216754B2500CCA065 /* backgroundHome.png */ = {isa = PBXFileReference; lastKnownFileType = image.png; path = backgroundHome.png; sourceTree = "<group>"; };
		A75884A816766CC5007C0026 /* feeds.xml */ = {isa = PBXFileReference; fileEncoding = 4; lastKnownFileType = text.xml; path = feeds.xml; sourceTree = "<group>"; };
		A75884AA1676851D007C0026 /* ObtenerDescuentoNavigationViewController.h */ = {isa = PBXFileReference; fileEncoding = 4; lastKnownFileType = sourcecode.c.h; path = ObtenerDescuentoNavigationViewController.h; sourceTree = "<group>"; };
		A75884AB1676851D007C0026 /* ObtenerDescuentoNavigationViewController.m */ = {isa = PBXFileReference; fileEncoding = 4; lastKnownFileType = sourcecode.c.objc; path = ObtenerDescuentoNavigationViewController.m; sourceTree = "<group>"; };
		A75884AD16768741007C0026 /* CapturaViewController.h */ = {isa = PBXFileReference; fileEncoding = 4; lastKnownFileType = sourcecode.c.h; path = CapturaViewController.h; sourceTree = "<group>"; };
		A75884AE16768741007C0026 /* CapturaViewController.m */ = {isa = PBXFileReference; fileEncoding = 4; lastKnownFileType = sourcecode.c.objc; path = CapturaViewController.m; sourceTree = "<group>"; };
		A7904E241677855100FE09E0 /* Icon.png */ = {isa = PBXFileReference; lastKnownFileType = image.png; name = Icon.png; path = ../Icon.png; sourceTree = "<group>"; };
		A7904E261677855400FE09E0 /* Icon@2x.png */ = {isa = PBXFileReference; lastKnownFileType = image.png; name = "Icon@2x.png"; path = "../Icon@2x.png"; sourceTree = "<group>"; };
		A7904E281677A4DF00FE09E0 /* FiltrosCollectionViewCell.h */ = {isa = PBXFileReference; fileEncoding = 4; lastKnownFileType = sourcecode.c.h; path = FiltrosCollectionViewCell.h; sourceTree = "<group>"; };
		A7904E291677A4DF00FE09E0 /* FiltrosCollectionViewCell.m */ = {isa = PBXFileReference; fileEncoding = 4; lastKnownFileType = sourcecode.c.objc; path = FiltrosCollectionViewCell.m; sourceTree = "<group>"; };
		A7D243561676268000FE32C3 /* CustomNavigationBar.h */ = {isa = PBXFileReference; fileEncoding = 4; lastKnownFileType = sourcecode.c.h; path = CustomNavigationBar.h; sourceTree = "<group>"; };
		A7D243571676268000FE32C3 /* CustomNavigationBar.m */ = {isa = PBXFileReference; fileEncoding = 4; lastKnownFileType = sourcecode.c.objc; path = CustomNavigationBar.m; sourceTree = "<group>"; };
		A7ED13341677D5F300929E1F /* CoreMedia.framework */ = {isa = PBXFileReference; lastKnownFileType = wrapper.framework; name = CoreMedia.framework; path = System/Library/Frameworks/CoreMedia.framework; sourceTree = SDKROOT; };
		A7ED13361677D5F900929E1F /* CoreVideo.framework */ = {isa = PBXFileReference; lastKnownFileType = wrapper.framework; name = CoreVideo.framework; path = System/Library/Frameworks/CoreVideo.framework; sourceTree = SDKROOT; };
		A7ED13381677D60200929E1F /* OpenGLES.framework */ = {isa = PBXFileReference; lastKnownFileType = wrapper.framework; name = OpenGLES.framework; path = System/Library/Frameworks/OpenGLES.framework; sourceTree = SDKROOT; };
		A7ED133A1677D60B00929E1F /* AVFoundation.framework */ = {isa = PBXFileReference; lastKnownFileType = wrapper.framework; name = AVFoundation.framework; path = System/Library/Frameworks/AVFoundation.framework; sourceTree = SDKROOT; };
		A7ED133C1677D61500929E1F /* QuartzCore.framework */ = {isa = PBXFileReference; lastKnownFileType = wrapper.framework; name = QuartzCore.framework; path = System/Library/Frameworks/QuartzCore.framework; sourceTree = SDKROOT; };
		A7ED133E1677D71200929E1F /* GPUImage.xcodeproj */ = {isa = PBXFileReference; lastKnownFileType = "wrapper.pb-project"; name = GPUImage.xcodeproj; path = Submodules/GPUImage/framework/GPUImage.xcodeproj; sourceTree = "<group>"; };
/* End PBXFileReference section */

/* Begin PBXFrameworksBuildPhase section */
		A741D8551675388600CCA065 /* Frameworks */ = {
			isa = PBXFrameworksBuildPhase;
			buildActionMask = 2147483647;
			files = (
				A7ED133D1677D61500929E1F /* QuartzCore.framework in Frameworks */,
				A7ED133B1677D60B00929E1F /* AVFoundation.framework in Frameworks */,
				A7ED13391677D60200929E1F /* OpenGLES.framework in Frameworks */,
				A7ED13371677D5F900929E1F /* CoreVideo.framework in Frameworks */,
				A7ED13351677D5F300929E1F /* CoreMedia.framework in Frameworks */,
				A7ED134D1677D72D00929E1F /* libGPUImage.a in Frameworks */,
				A741D85D1675388600CCA065 /* UIKit.framework in Frameworks */,
				A741D85F1675388600CCA065 /* Foundation.framework in Frameworks */,
				A741D8611675388600CCA065 /* CoreGraphics.framework in Frameworks */,
			);
			runOnlyForDeploymentPostprocessing = 0;
		};
/* End PBXFrameworksBuildPhase section */

/* Begin PBXGroup section */
		A741D84D1675388600CCA065 = {
			isa = PBXGroup;
			children = (
				A741D8621675388600CCA065 /* Pickcel */,
				A741D85B1675388600CCA065 /* Frameworks */,
				A741D8591675388600CCA065 /* Products */,
			);
			sourceTree = "<group>";
		};
		A741D8591675388600CCA065 /* Products */ = {
			isa = PBXGroup;
			children = (
				A741D8581675388600CCA065 /* Pickcel.app */,
			);
			name = Products;
			sourceTree = "<group>";
		};
		A741D85B1675388600CCA065 /* Frameworks */ = {
			isa = PBXGroup;
			children = (
				A7ED133E1677D71200929E1F /* GPUImage.xcodeproj */,
				A7ED133C1677D61500929E1F /* QuartzCore.framework */,
				A7ED133A1677D60B00929E1F /* AVFoundation.framework */,
				A7ED13381677D60200929E1F /* OpenGLES.framework */,
				A7ED13361677D5F900929E1F /* CoreVideo.framework */,
				A7ED13341677D5F300929E1F /* CoreMedia.framework */,
				A741D85C1675388600CCA065 /* UIKit.framework */,
				A741D85E1675388600CCA065 /* Foundation.framework */,
				A741D8601675388600CCA065 /* CoreGraphics.framework */,
			);
			name = Frameworks;
			sourceTree = "<group>";
		};
		A741D8621675388600CCA065 /* Pickcel */ = {
			isa = PBXGroup;
			children = (
				A75884A3167668DE007C0026 /* xml */,
				A7D2435B16762CF000FE32C3 /* Vistas */,
				A7D2435A16762CBB00FE32C3 /* Controladores */,
				A741D885167544A600CCA065 /* Artwork */,
				A741D86B1675388600CCA065 /* AppDelegate.h */,
				A741D86C1675388600CCA065 /* AppDelegate.m */,
				A741D8741675388600CCA065 /* MainStoryboard.storyboard */,
				A741D8631675388600CCA065 /* Supporting Files */,
			);
			path = Pickcel;
			sourceTree = "<group>";
		};
		A741D8631675388600CCA065 /* Supporting Files */ = {
			isa = PBXGroup;
			children = (
				A7904E261677855400FE09E0 /* Icon@2x.png */,
				A7904E241677855100FE09E0 /* Icon.png */,
				A741D8641675388600CCA065 /* Pickcel-Info.plist */,
				A741D8651675388600CCA065 /* InfoPlist.strings */,
				A741D8681675388600CCA065 /* main.m */,
				A741D86A1675388600CCA065 /* Pickcel-Prefix.pch */,
				A741D86E1675388600CCA065 /* Default.png */,
				A741D8701675388600CCA065 /* Default@2x.png */,
				A741D8721675388600CCA065 /* Default-568h@2x.png */,
			);
			name = "Supporting Files";
			sourceTree = "<group>";
		};
		A741D885167544A600CCA065 /* Artwork */ = {
			isa = PBXGroup;
			children = (
				A741D89216754B2500CCA065 /* backgroundHome.png */,
				A741D88B1675485100CCA065 /* tabbar.png */,
				A741D88C1675485100CCA065 /* tabbar@2x.png */,
				A741D8861675455400CCA065 /* icono.png */,
			);
			path = Artwork;
			sourceTree = "<group>";
		};
		A75884A3167668DE007C0026 /* xml */ = {
			isa = PBXGroup;
			children = (
				A75884A816766CC5007C0026 /* feeds.xml */,
			);
			path = xml;
			sourceTree = "<group>";
		};
		A7D2435A16762CBB00FE32C3 /* Controladores */ = {
			isa = PBXGroup;
			children = (
				A75884AD16768741007C0026 /* CapturaViewController.h */,
				A75884AE16768741007C0026 /* CapturaViewController.m */,
				A741D88F167549A400CCA065 /* NavigationViewController.h */,
				A741D890167549A400CCA065 /* NavigationViewController.m */,
				A741D888167547AF00CCA065 /* TabBarViewController.h */,
				A741D889167547AF00CCA065 /* TabBarViewController.m */,
				A741D87F1675434400CCA065 /* ClientesCollectionViewController.h */,
				A741D8801675434400CCA065 /* ClientesCollectionViewController.m */,
				A75884AA1676851D007C0026 /* ObtenerDescuentoNavigationViewController.h */,
				A75884AB1676851D007C0026 /* ObtenerDescuentoNavigationViewController.m */,
			);
			name = Controladores;
			sourceTree = "<group>";
		};
		A7D2435B16762CF000FE32C3 /* Vistas */ = {
			isa = PBXGroup;
			children = (
				A7D243561676268000FE32C3 /* CustomNavigationBar.h */,
				A7D243571676268000FE32C3 /* CustomNavigationBar.m */,
				A741D8821675439300CCA065 /* ClientesCollectionViewCell.h */,
				A741D8831675439300CCA065 /* ClientesCollectionViewCell.m */,
				A7904E281677A4DF00FE09E0 /* FiltrosCollectionViewCell.h */,
				A7904E291677A4DF00FE09E0 /* FiltrosCollectionViewCell.m */,
			);
			name = Vistas;
			sourceTree = "<group>";
		};
		A7ED133F1677D71200929E1F /* Products */ = {
			isa = PBXGroup;
			children = (
				A7ED13481677D71300929E1F /* libGPUImage.a */,
				A7ED134A1677D71300929E1F /* GPUImageTests.octest */,
			);
			name = Products;
			sourceTree = "<group>";
		};
/* End PBXGroup section */

/* Begin PBXNativeTarget section */
		A741D8571675388600CCA065 /* Pickcel */ = {
			isa = PBXNativeTarget;
			buildConfigurationList = A741D87C1675388600CCA065 /* Build configuration list for PBXNativeTarget "Pickcel" */;
			buildPhases = (
				A741D8541675388600CCA065 /* Sources */,
				A741D8551675388600CCA065 /* Frameworks */,
				A741D8561675388600CCA065 /* Resources */,
			);
			buildRules = (
			);
			dependencies = (
				A7ED134C1677D72500929E1F /* PBXTargetDependency */,
			);
			name = Pickcel;
			productName = Pickcel;
			productReference = A741D8581675388600CCA065 /* Pickcel.app */;
			productType = "com.apple.product-type.application";
		};
/* End PBXNativeTarget section */

/* Begin PBXProject section */
		A741D84F1675388600CCA065 /* Project object */ = {
			isa = PBXProject;
			attributes = {
				LastUpgradeCheck = 0450;
				ORGANIZATIONNAME = Reframe;
			};
			buildConfigurationList = A741D8521675388600CCA065 /* Build configuration list for PBXProject "Pickcel" */;
			compatibilityVersion = "Xcode 3.2";
			developmentRegion = English;
			hasScannedForEncodings = 0;
			knownRegions = (
				en,
			);
			mainGroup = A741D84D1675388600CCA065;
			productRefGroup = A741D8591675388600CCA065 /* Products */;
			projectDirPath = "";
			projectReferences = (
				{
					ProductGroup = A7ED133F1677D71200929E1F /* Products */;
					ProjectRef = A7ED133E1677D71200929E1F /* GPUImage.xcodeproj */;
				},
			);
			projectRoot = "";
			targets = (
				A741D8571675388600CCA065 /* Pickcel */,
			);
		};
/* End PBXProject section */

/* Begin PBXReferenceProxy section */
		A7ED13481677D71300929E1F /* libGPUImage.a */ = {
			isa = PBXReferenceProxy;
			fileType = archive.ar;
			path = libGPUImage.a;
			remoteRef = A7ED13471677D71300929E1F /* PBXContainerItemProxy */;
			sourceTree = BUILT_PRODUCTS_DIR;
		};
		A7ED134A1677D71300929E1F /* GPUImageTests.octest */ = {
			isa = PBXReferenceProxy;
			fileType = wrapper.cfbundle;
			path = GPUImageTests.octest;
			remoteRef = A7ED13491677D71300929E1F /* PBXContainerItemProxy */;
			sourceTree = BUILT_PRODUCTS_DIR;
		};
/* End PBXReferenceProxy section */

/* Begin PBXResourcesBuildPhase section */
		A741D8561675388600CCA065 /* Resources */ = {
			isa = PBXResourcesBuildPhase;
			buildActionMask = 2147483647;
			files = (
				A741D8671675388600CCA065 /* InfoPlist.strings in Resources */,
				A741D86F1675388600CCA065 /* Default.png in Resources */,
				A741D8711675388600CCA065 /* Default@2x.png in Resources */,
				A741D8731675388600CCA065 /* Default-568h@2x.png in Resources */,
				A741D8761675388600CCA065 /* MainStoryboard.storyboard in Resources */,
				A741D8871675455400CCA065 /* icono.png in Resources */,
				A741D88D1675485100CCA065 /* tabbar.png in Resources */,
				A741D88E1675485100CCA065 /* tabbar@2x.png in Resources */,
				A741D89316754B2500CCA065 /* backgroundHome.png in Resources */,
				A75884A916766CC5007C0026 /* feeds.xml in Resources */,
				A7904E251677855100FE09E0 /* Icon.png in Resources */,
				A7904E271677855400FE09E0 /* Icon@2x.png in Resources */,
			);
			runOnlyForDeploymentPostprocessing = 0;
		};
/* End PBXResourcesBuildPhase section */

/* Begin PBXSourcesBuildPhase section */
		A741D8541675388600CCA065 /* Sources */ = {
			isa = PBXSourcesBuildPhase;
			buildActionMask = 2147483647;
			files = (
				A741D8691675388600CCA065 /* main.m in Sources */,
				A741D86D1675388600CCA065 /* AppDelegate.m in Sources */,
				A741D8811675434400CCA065 /* ClientesCollectionViewController.m in Sources */,
				A741D8841675439300CCA065 /* ClientesCollectionViewCell.m in Sources */,
				A741D88A167547AF00CCA065 /* TabBarViewController.m in Sources */,
				A741D891167549A400CCA065 /* NavigationViewController.m in Sources */,
				A7D243581676268000FE32C3 /* CustomNavigationBar.m in Sources */,
				A75884AC1676851E007C0026 /* ObtenerDescuentoNavigationViewController.m in Sources */,
				A75884AF16768741007C0026 /* CapturaViewController.m in Sources */,
				A7904E2A1677A4DF00FE09E0 /* FiltrosCollectionViewCell.m in Sources */,
			);
			runOnlyForDeploymentPostprocessing = 0;
		};
/* End PBXSourcesBuildPhase section */

/* Begin PBXTargetDependency section */
		A7ED134C1677D72500929E1F /* PBXTargetDependency */ = {
			isa = PBXTargetDependency;
			name = GPUImage;
			targetProxy = A7ED134B1677D72500929E1F /* PBXContainerItemProxy */;
		};
/* End PBXTargetDependency section */

/* Begin PBXVariantGroup section */
		A741D8651675388600CCA065 /* InfoPlist.strings */ = {
			isa = PBXVariantGroup;
			children = (
				A741D8661675388600CCA065 /* en */,
			);
			name = InfoPlist.strings;
			sourceTree = "<group>";
		};
		A741D8741675388600CCA065 /* MainStoryboard.storyboard */ = {
			isa = PBXVariantGroup;
			children = (
				A741D8751675388600CCA065 /* en */,
			);
			name = MainStoryboard.storyboard;
			sourceTree = "<group>";
		};
/* End PBXVariantGroup section */

/* Begin XCBuildConfiguration section */
		A741D87A1675388600CCA065 /* Debug */ = {
			isa = XCBuildConfiguration;
			buildSettings = {
				ALWAYS_SEARCH_USER_PATHS = NO;
				CLANG_CXX_LANGUAGE_STANDARD = "gnu++0x";
				CLANG_CXX_LIBRARY = "libc++";
				CLANG_ENABLE_OBJC_ARC = YES;
				CLANG_WARN_EMPTY_BODY = YES;
				CLANG_WARN__DUPLICATE_METHOD_MATCH = YES;
				"CODE_SIGN_IDENTITY[sdk=iphoneos*]" = "iPhone Developer";
				COPY_PHASE_STRIP = NO;
				GCC_C_LANGUAGE_STANDARD = gnu99;
				GCC_DYNAMIC_NO_PIC = NO;
				GCC_OPTIMIZATION_LEVEL = 0;
				GCC_PREPROCESSOR_DEFINITIONS = (
					"DEBUG=1",
					"$(inherited)",
				);
				GCC_SYMBOLS_PRIVATE_EXTERN = NO;
				GCC_WARN_ABOUT_RETURN_TYPE = YES;
				GCC_WARN_UNINITIALIZED_AUTOS = YES;
				GCC_WARN_UNUSED_VARIABLE = YES;
				IPHONEOS_DEPLOYMENT_TARGET = 6.0;
				ONLY_ACTIVE_ARCH = YES;
				SDKROOT = iphoneos;
			};
			name = Debug;
		};
		A741D87B1675388600CCA065 /* Release */ = {
			isa = XCBuildConfiguration;
			buildSettings = {
				ALWAYS_SEARCH_USER_PATHS = NO;
				CLANG_CXX_LANGUAGE_STANDARD = "gnu++0x";
				CLANG_CXX_LIBRARY = "libc++";
				CLANG_ENABLE_OBJC_ARC = YES;
				CLANG_WARN_EMPTY_BODY = YES;
				CLANG_WARN__DUPLICATE_METHOD_MATCH = YES;
				"CODE_SIGN_IDENTITY[sdk=iphoneos*]" = "iPhone Developer";
				COPY_PHASE_STRIP = YES;
				GCC_C_LANGUAGE_STANDARD = gnu99;
				GCC_WARN_ABOUT_RETURN_TYPE = YES;
				GCC_WARN_UNINITIALIZED_AUTOS = YES;
				GCC_WARN_UNUSED_VARIABLE = YES;
				IPHONEOS_DEPLOYMENT_TARGET = 6.0;
				OTHER_CFLAGS = "-DNS_BLOCK_ASSERTIONS=1";
				SDKROOT = iphoneos;
				VALIDATE_PRODUCT = YES;
			};
			name = Release;
		};
		A741D87D1675388600CCA065 /* Debug */ = {
			isa = XCBuildConfiguration;
			buildSettings = {
				GCC_PRECOMPILE_PREFIX_HEADER = YES;
				GCC_PREFIX_HEADER = "Pickcel/Pickcel-Prefix.pch";
				HEADER_SEARCH_PATHS = "Submodules/GPUImage/framework/**";
				INFOPLIST_FILE = "Pickcel/Pickcel-Info.plist";
				PRODUCT_NAME = "$(TARGET_NAME)";
				WRAPPER_EXTENSION = app;
			};
			name = Debug;
		};
		A741D87E1675388600CCA065 /* Release */ = {
			isa = XCBuildConfiguration;
			buildSettings = {
				GCC_PRECOMPILE_PREFIX_HEADER = YES;
				GCC_PREFIX_HEADER = "Pickcel/Pickcel-Prefix.pch";
				HEADER_SEARCH_PATHS = "Submodules/GPUImage/framework/**";
				INFOPLIST_FILE = "Pickcel/Pickcel-Info.plist";
				PRODUCT_NAME = "$(TARGET_NAME)";
				WRAPPER_EXTENSION = app;
			};
			name = Release;
		};
/* End XCBuildConfiguration section */

/* Begin XCConfigurationList section */
		A741D8521675388600CCA065 /* Build configuration list for PBXProject "Pickcel" */ = {
			isa = XCConfigurationList;
			buildConfigurations = (
				A741D87A1675388600CCA065 /* Debug */,
				A741D87B1675388600CCA065 /* Release */,
			);
			defaultConfigurationIsVisible = 0;
			defaultConfigurationName = Release;
		};
		A741D87C1675388600CCA065 /* Build configuration list for PBXNativeTarget "Pickcel" */ = {
			isa = XCConfigurationList;
			buildConfigurations = (
				A741D87D1675388600CCA065 /* Debug */,
				A741D87E1675388600CCA065 /* Release */,
			);
			defaultConfigurationIsVisible = 0;
			defaultConfigurationName = Release;
		};
/* End XCConfigurationList section */
	};
	rootObject = A741D84F1675388600CCA065 /* Project object */;
}
